
Microsoft Visual Studio Solution File, Format Version 12.00
# Visual Studio Version 17
VisualStudioVersion = 17.0.31903.59
MinimumVisualStudioVersion = 10.0.40219.1
Project("{2150E333-8FDC-42A3-9474-1A3956D46DE8}") = "src", "src", "{827E0CD3-B72D-47B6-A68D-7590B98EB39B}"
EndProject
Project("{FAE04EC0-301F-11D3-BF4B-00C04F79EFBC}") = "Omodot.Protocol", "src\Omodot.Protocol\Omodot.Protocol.csproj", "{2F202E08-B515-4933-B934-D73B936648E2}"
EndProject
Project("{FAE04EC0-301F-11D3-BF4B-00C04F79EFBC}") = "Omodot.Sidecar", "src\Omodot.Sidecar\Omodot.Sidecar.csproj", "{282EAAC6-9AA1-4182-968B-4E7304D46BA5}"
EndProject
Project("{FAE04EC0-301F-11D3-BF4B-00C04F79EFBC}") = "Omodot.TeamModeCore", "src\Omodot.TeamModeCore\Omodot.TeamModeCore.csproj", "{D7D0C96A-5A39-4D79-BB04-31E05F0F0A11}"
EndProject
Project("{2150E333-8FDC-42A3-9474-1A3956D46DE8}") = "tests", "tests", "{0AB3BF05-4346-4AA6-1389-037BE0695223}"
EndProject
Project("{FAE04EC0-301F-11D3-BF4B-00C04F79EFBC}") = "Omodot.Protocol.Tests", "tests\Omodot.Protocol.Tests\Omodot.Protocol.Tests.csproj", "{71098500-1ABA-4E0B-B987-AD3E25E97DE1}"
EndProject
Project("{FAE04EC0-301F-11D3-BF4B-00C04F79EFBC}") = "Omodot.TeamModeCore.Tests", "tests\Omodot.TeamModeCore.Tests\Omodot.TeamModeCore.Tests.csproj", "{E6F7E2C1-CC5A-4C3C-96D1-1E1F5B2F0C22}"
EndProject
Project("{FAE04EC0-301F-11D3-BF4B-00C04F79EFBC}") = "Omodot.HashLine", "src\Omodot.HashLine\Omodot.HashLine.csproj", "{CD1FD7FD-52D6-4E9C-8A30-CDE66790C1E5}"
EndProject
Project("{FAE04EC0-301F-11D3-BF4B-00C04F79EFBC}") = "Omodot.HashLine.Tests", "tests\Omodot.HashLine.Tests\Omodot.HashLine.Tests.csproj", "{3FD86076-73D8-46DC-9E56-ABA7EFBDCFE8}"
EndProject
Project("{FAE04EC0-301F-11D3-BF4B-00C04F79EFBC}") = "Omodot.BackgroundAgent", "src\Omodot.BackgroundAgent\Omodot.BackgroundAgent.csproj", "{2A344858-2050-421A-BB47-D8368CAC7D09}"
EndProject
Project("{FAE04EC0-301F-11D3-BF4B-00C04F79EFBC}") = "Omodot.BackgroundAgent.Tests", "tests\Omodot.BackgroundAgent.Tests\Omodot.BackgroundAgent.Tests.csproj", "{FD3C7380-BDCE-4CF7-BC48-7E3BF916B96B}"
EndProject
Project("{FAE04EC0-301F-11D3-BF4B-00C04F79EFBC}") = "Omodot.Utils", "src\Omodot.Utils\Omodot.Utils.csproj", "{FE87F856-E9B8-43FD-8E18-A8363D2794FD}"
EndProject
Project("{FAE04EC0-301F-11D3-BF4B-00C04F79EFBC}") = "Omodot.Utils.Tests", "tests\Omodot.Utils.Tests\Omodot.Utils.Tests.csproj", "{4F6E1265-E51F-4320-91E7-2C8A964CF1D1}"
EndProject
Project("{FAE04EC0-301F-11D3-BF4B-00C04F79EFBC}") = "Omodot.UlwIntent", "src\Omodot.UlwIntent\Omodot.UlwIntent.csproj", "{88790453-827F-4BDB-82C8-02E1C97AD405}"
EndProject
Project("{FAE04EC0-301F-11D3-BF4B-00C04F79EFBC}") = "Omodot.UlwIntent.Tests", "tests\Omodot.UlwIntent.Tests\Omodot.UlwIntent.Tests.csproj", "{14FC8C00-3BCA-43E0-B399-A3F623B934E2}"
EndProject
Project("{FAE04EC0-301F-11D3-BF4B-00C04F79EFBC}") = "Omodot.SkillsCore", "src\Omodot.SkillsCore\Omodot.SkillsCore.csproj", "{186F68F2-19C2-40C4-B7F7-47654C5CC8D2}"
EndProject
Project("{FAE04EC0-301F-11D3-BF4B-00C04F79EFBC}") = "Omodot.SkillsCore.Tests", "tests\Omodot.SkillsCore.Tests\Omodot.SkillsCore.Tests.csproj", "{35085481-EC46-4C60-B5AD-EFC4CD8E8930}"
EndProject
Project("{FAE04EC0-301F-11D3-BF4B-00C04F79EFBC}") = "Omodot.RulesEngine", "src\Omodot.RulesEngine\Omodot.RulesEngine.csproj", "{014D7BC9-25B1-4F24-B3BD-D8C3478C582F}"
EndProject
Project("{FAE04EC0-301F-11D3-BF4B-00C04F79EFBC}") = "Omodot.RulesEngine.Tests", "tests\Omodot.RulesEngine.Tests\Omodot.RulesEngine.Tests.csproj", "{1A6CAA41-ABEA-493C-9F30-51E41941F36A}"
EndProject
Project("{FAE04EC0-301F-11D3-BF4B-00C04F79EFBC}") = "Omodot.SkillMcp", "src\Omodot.SkillMcp\Omodot.SkillMcp.csproj", "{3B4555BF-73A0-460C-BC7B-619B8AB6156C}"
EndProject
Project("{FAE04EC0-301F-11D3-BF4B-00C04F79EFBC}") = "Omodot.SkillMcp.Tests", "tests\Omodot.SkillMcp.Tests\Omodot.SkillMcp.Tests.csproj", "{D0CD83F4-95FD-4973-8DF5-EE429995FAA9}"
EndProject
Project("{FAE04EC0-301F-11D3-BF4B-00C04F79EFBC}") = "Omodot.CommandExecutor", "src\Omodot.CommandExecutor\Omodot.CommandExecutor.csproj", "{5C7DEF25-82DC-4AB5-8401-81E85B949E16}"
EndProject
Project("{FAE04EC0-301F-11D3-BF4B-00C04F79EFBC}") = "Omodot.CommandExecutor.Tests", "tests\Omodot.CommandExecutor.Tests\Omodot.CommandExecutor.Tests.csproj", "{9FB199B7-9DA4-4EB7-AEF3-3AF8B169A7FA}"
EndProject
Project("{FAE04EC0-301F-11D3-BF4B-00C04F79EFBC}") = "Omodot.AstGrep", "src\Omodot.AstGrep\Omodot.AstGrep.csproj", "{D77CC049-091E-4D78-BD0C-E52A9006EF26}"
EndProject
Project("{FAE04EC0-301F-11D3-BF4B-00C04F79EFBC}") = "Omodot.AstGrep.Tests", "tests\Omodot.AstGrep.Tests\Omodot.AstGrep.Tests.csproj", "{0D5B5A86-350C-49EA-BF12-7AE64EF9A45B}"
EndProject
Project("{FAE04EC0-301F-11D3-BF4B-00C04F79EFBC}") = "Omodot.LspTools", "src\Omodot.LspTools\Omodot.LspTools.csproj", "{5FE33704-4D67-4B48-BD6A-7EFECD734970}"
EndProject
Project("{FAE04EC0-301F-11D3-BF4B-00C04F79EFBC}") = "Omodot.LspTools.Tests", "tests\Omodot.LspTools.Tests\Omodot.LspTools.Tests.csproj", "{59B19C61-24A7-4651-BC81-DBA4A6C26A88}"
EndProject
Project("{FAE04EC0-301F-11D3-BF4B-00C04F79EFBC}") = "Omodot.SessionManager", "src\Omodot.SessionManager\Omodot.SessionManager.csproj", "{924BC8D4-083A-429B-A87F-073B7D41F7A5}"
EndProject
Project("{FAE04EC0-301F-11D3-BF4B-00C04F79EFBC}") = "Omodot.SessionManager.Tests", "tests\Omodot.SessionManager.Tests\Omodot.SessionManager.Tests.csproj", "{85ADCF44-04A1-4571-A052-53FF7D224592}"
EndProject
Project("{FAE04EC0-301F-11D3-BF4B-00C04F79EFBC}") = "Omodot.UlwLoopState", "src\Omodot.UlwLoopState\Omodot.UlwLoopState.csproj", "{4783054E-495F-4F6A-BB3E-AFE8604B8BED}"
EndProject
Project("{FAE04EC0-301F-11D3-BF4B-00C04F79EFBC}") = "Omodot.UlwLoopState.Tests", "tests\Omodot.UlwLoopState.Tests\Omodot.UlwLoopState.Tests.csproj", "{66409F9D-F568-4328-A386-FA7CE65E33CA}"
EndProject
Project("{FAE04EC0-301F-11D3-BF4B-00C04F79EFBC}") = "Omodot.AgentsMd", "src\Omodot.AgentsMd\Omodot.AgentsMd.csproj", "{5CBB46FA-039B-4269-A13F-80CD51AA4FEE}"
EndProject
Project("{FAE04EC0-301F-11D3-BF4B-00C04F79EFBC}") = "Omodot.AgentsMd.Tests", "tests\Omodot.AgentsMd.Tests\Omodot.AgentsMd.Tests.csproj", "{BE4F4338-C7DF-4D0E-AB45-17AF40AA4740}"
EndProject
Project("{FAE04EC0-301F-11D3-BF4B-00C04F79EFBC}") = "Omodot.SlashCommand", "src\Omodot.SlashCommand\Omodot.SlashCommand.csproj", "{90BCE57B-1C2B-45A1-BF3C-E09E31201663}"
EndProject
Project("{FAE04EC0-301F-11D3-BF4B-00C04F79EFBC}") = "Omodot.SlashCommand.Tests", "tests\Omodot.SlashCommand.Tests\Omodot.SlashCommand.Tests.csproj", "{90DB8BEC-05B1-4DED-A218-0FE1D11B4028}"
EndProject
Project("{FAE04EC0-301F-11D3-BF4B-00C04F79EFBC}") = "Omodot.GitWorktree", "src\Omodot.GitWorktree\Omodot.GitWorktree.csproj", "{E1FA0397-5549-4A3D-9D7F-35E38C215F68}"
EndProject
Project("{FAE04EC0-301F-11D3-BF4B-00C04F79EFBC}") = "Omodot.GitWorktree.Tests", "tests\Omodot.GitWorktree.Tests\Omodot.GitWorktree.Tests.csproj", "{F37259E3-3D04-4577-B512-965365A25410}"
EndProject
Project("{FAE04EC0-301F-11D3-BF4B-00C04F79EFBC}") = "Omodot.CommentChecker", "src\Omodot.CommentChecker\Omodot.CommentChecker.csproj", "{CE1D133D-D545-49B3-8FFC-A16A03BBEF39}"
EndProject
Project("{FAE04EC0-301F-11D3-BF4B-00C04F79EFBC}") = "Omodot.CommentChecker.Tests", "tests\Omodot.CommentChecker.Tests\Omodot.CommentChecker.Tests.csproj", "{4687F41B-8944-432B-BEB1-12EED9DCE000}"
EndProject
Project("{FAE04EC0-301F-11D3-BF4B-00C04F79EFBC}") = "Omodot.ModelCore", "src\Omodot.ModelCore\Omodot.ModelCore.csproj", "{F93EEEC0-713D-47EB-ACD2-336F86D28A4F}"
EndProject
Project("{FAE04EC0-301F-11D3-BF4B-00C04F79EFBC}") = "Omodot.ModelCore.Tests", "tests\Omodot.ModelCore.Tests\Omodot.ModelCore.Tests.csproj", "{26E10954-5B8C-41B3-9E53-FC8BF15372C6}"
EndProject
Project("{FAE04EC0-301F-11D3-BF4B-00C04F79EFBC}") = "Omodot.BoulderState", "src\Omodot.BoulderState\Omodot.BoulderState.csproj", "{A08EA7E9-7BFD-4C82-9CC8-C96914CF2B90}"
EndProject
Project("{FAE04EC0-301F-11D3-BF4B-00C04F79EFBC}") = "Omodot.BoulderState.Tests", "tests\Omodot.BoulderState.Tests\Omodot.BoulderState.Tests.csproj", "{AA3A0BFF-EDEC-4E47-8C9D-F74304EDC2C9}"
EndProject
Project("{FAE04EC0-301F-11D3-BF4B-00C04F79EFBC}") = "Omodot.Tmux", "src\Omodot.Tmux\Omodot.Tmux.csproj", "{BBB75903-5720-4A4A-8CF8-A62C063E77FB}"
EndProject
Project("{FAE04EC0-301F-11D3-BF4B-00C04F79EFBC}") = "Omodot.Tmux.Tests", "tests\Omodot.Tmux.Tests\Omodot.Tmux.Tests.csproj", "{A5BBA407-1A59-48E1-AFD5-D29B56FF0C77}"
EndProject
Project("{FAE04EC0-301F-11D3-BF4B-00C04F79EFBC}") = "Omodot.SearchTools", "src\Omodot.SearchTools\Omodot.SearchTools.csproj", "{066E0A9E-1809-4B44-A969-F78549C39205}"
EndProject
Project("{FAE04EC0-301F-11D3-BF4B-00C04F79EFBC}") = "Omodot.SearchTools.Tests", "tests\Omodot.SearchTools.Tests\Omodot.SearchTools.Tests.csproj", "{9EBADB36-E52C-43B1-ABDE-9D4B2D2A1C81}"
EndProject
Project("{FAE04EC0-301F-11D3-BF4B-00C04F79EFBC}") = "Omodot.UlwHostContract", "src\Omodot.UlwHostContract\Omodot.UlwHostContract.csproj", "{6795505A-1EB8-406A-AB7A-9C9698672AE2}"
EndProject
Project("{FAE04EC0-301F-11D3-BF4B-00C04F79EFBC}") = "Omodot.UlwKernel", "src\Omodot.UlwKernel\Omodot.UlwKernel.csproj", "{6CC330A5-D05F-4A2F-8011-D486CC2F69B5}"
EndProject
Project("{FAE04EC0-301F-11D3-BF4B-00C04F79EFBC}") = "Omodot.UlwHostContract.Tests", "tests\Omodot.UlwHostContract.Tests\Omodot.UlwHostContract.Tests.csproj", "{83694AC7-24A4-4A5C-9658-826519C62ECA}"
EndProject
Project("{FAE04EC0-301F-11D3-BF4B-00C04F79EFBC}") = "Omodot.UlwKernel.Tests", "tests\Omodot.UlwKernel.Tests\Omodot.UlwKernel.Tests.csproj", "{BA5B3AB0-D57C-4984-A6F6-833ACAADE977}"
EndProject
Project("{FAE04EC0-301F-11D3-BF4B-00C04F79EFBC}") = "Omodot.AstGrepMcp", "src\Omodot.AstGrepMcp\Omodot.AstGrepMcp.csproj", "{C45EDD6C-1359-407C-8A6F-B600443C01ED}"
EndProject
Project("{FAE04EC0-301F-11D3-BF4B-00C04F79EFBC}") = "Omodot.AstGrepMcp.Tests", "tests\Omodot.AstGrepMcp.Tests\Omodot.AstGrepMcp.Tests.csproj", "{9A95D2AB-99E1-4A15-9F81-F03C126155C2}"
EndProject
Project("{FAE04EC0-301F-11D3-BF4B-00C04F79EFBC}") = "Omodot.TmuxSubagent", "src\Omodot.TmuxSubagent\Omodot.TmuxSubagent.csproj", "{78D6E376-2CDE-42B1-BCCB-1CB3B568203E}"
EndProject
Project("{FAE04EC0-301F-11D3-BF4B-00C04F79EFBC}") = "Omodot.Hooks", "src\Omodot.Hooks\Omodot.Hooks.csproj", "{CF74FE6A-B00B-4FE7-9058-060CBF7F3219}"
EndProject
Project("{FAE04EC0-301F-11D3-BF4B-00C04F79EFBC}") = "Omodot.StandaloneRuntime", "src\Omodot.StandaloneRuntime\Omodot.StandaloneRuntime.csproj", "{76776AC4-A635-438C-B595-38AA37FBBF26}"
EndProject
Project("{FAE04EC0-301F-11D3-BF4B-00C04F79EFBC}") = "Omodot.CodexAdapter", "src\Omodot.CodexAdapter\Omodot.CodexAdapter.csproj", "{DD9A04C8-FEE3-47BD-8599-7681C69B08F3}"
EndProject
Project("{FAE04EC0-301F-11D3-BF4B-00C04F79EFBC}") = "Omodot.CodexAdapter.Tests", "tests\Omodot.CodexAdapter.Tests\Omodot.CodexAdapter.Tests.csproj", "{414BDD87-D2FC-40A9-BBFC-9A6373CF3B5B}"
EndProject
Project("{FAE04EC0-301F-11D3-BF4B-00C04F79EFBC}") = "Omodot.CodexAdapter.E2eTests", "tests\Omodot.CodexAdapter.E2eTests\Omodot.CodexAdapter.E2eTests.csproj", "{E5DCA38E-7F3D-4BE9-89C1-DE6CD0417C5B}"
EndProject
Project("{FAE04EC0-301F-11D3-BF4B-00C04F79EFBC}") = "Omodot.CodexMcpBridge", "src\Omodot.CodexMcpBridge\Omodot.CodexMcpBridge.csproj", "{C57B12C3-C301-409A-AD17-869F81B6173D}"
EndProject
Project("{FAE04EC0-301F-11D3-BF4B-00C04F79EFBC}") = "Omodot.CodexMcpBridge.Tests", "tests\Omodot.CodexMcpBridge.Tests\Omodot.CodexMcpBridge.Tests.csproj", "{6879396F-6B5C-48C9-9A82-C8487D8EBE93}"
EndProject
Project("{FAE04EC0-301F-11D3-BF4B-00C04F79EFBC}") = "Omodot.Architecture.Tests", "tests\Omodot.Architecture.Tests\Omodot.Architecture.Tests.csproj", "{807CACB1-CD7A-49A8-8373-50D8C92CF2DC}"
EndProject
Global
	GlobalSection(SolutionConfigurationPlatforms) = preSolution
		Debug|Any CPU = Debug|Any CPU
		Debug|x64 = Debug|x64
		Debug|x86 = Debug|x86
		Release|Any CPU = Release|Any CPU
		Release|x64 = Release|x64
		Release|x86 = Release|x86
	EndGlobalSection
	GlobalSection(ProjectConfigurationPlatforms) = postSolution
		{2F202E08-B515-4933-B934-D73B936648E2}.Debug|Any CPU.ActiveCfg = Debug|Any CPU
		{2F202E08-B515-4933-B934-D73B936648E2}.Debug|Any CPU.Build.0 = Debug|Any CPU
		{2F202E08-B515-4933-B934-D73B936648E2}.Debug|x64.ActiveCfg = Debug|Any CPU
		{2F202E08-B515-4933-B934-D73B936648E2}.Debug|x64.Build.0 = Debug|Any CPU
		{2F202E08-B515-4933-B934-D73B936648E2}.Debug|x86.ActiveCfg = Debug|Any CPU
		{2F202E08-B515-4933-B934-D73B936648E2}.Debug|x86.Build.0 = Debug|Any CPU
		{2F202E08-B515-4933-B934-D73B936648E2}.Release|Any CPU.ActiveCfg = Release|Any CPU
		{2F202E08-B515-4933-B934-D73B936648E2}.Release|Any CPU.Build.0 = Release|Any CPU
		{2F202E08-B515-4933-B934-D73B936648E2}.Release|x64.ActiveCfg = Release|Any CPU
		{2F202E08-B515-4933-B934-D73B936648E2}.Release|x64.Build.0 = Release|Any CPU
		{2F202E08-B515-4933-B934-D73B936648E2}.Release|x86.ActiveCfg = Release|Any CPU
		{2F202E08-B515-4933-B934-D73B936648E2}.Release|x86.Build.0 = Release|Any CPU
		{282EAAC6-9AA1-4182-968B-4E7304D46BA5}.Debug|Any CPU.ActiveCfg = Debug|Any CPU
		{282EAAC6-9AA1-4182-968B-4E7304D46BA5}.Debug|Any CPU.Build.0 = Debug|Any CPU
		{282EAAC6-9AA1-4182-968B-4E7304D46BA5}.Debug|x64.ActiveCfg = Debug|Any CPU
		{282EAAC6-9AA1-4182-968B-4E7304D46BA5}.Debug|x64.Build.0 = Debug|Any CPU
		{282EAAC6-9AA1-4182-968B-4E7304D46BA5}.Debug|x86.ActiveCfg = Debug|Any CPU
		{282EAAC6-9AA1-4182-968B-4E7304D46BA5}.Debug|x86.Build.0 = Debug|Any CPU
		{282EAAC6-9AA1-4182-968B-4E7304D46BA5}.Release|Any CPU.ActiveCfg = Release|Any CPU
		{282EAAC6-9AA1-4182-968B-4E7304D46BA5}.Release|Any CPU.Build.0 = Release|Any CPU
		{282EAAC6-9AA1-4182-968B-4E7304D46BA5}.Release|x64.ActiveCfg = Release|Any CPU
		{282EAAC6-9AA1-4182-968B-4E7304D46BA5}.Release|x64.Build.0 = Release|Any CPU
		{282EAAC6-9AA1-4182-968B-4E7304D46BA5}.Release|x86.ActiveCfg = Release|Any CPU
		{282EAAC6-9AA1-4182-968B-4E7304D46BA5}.Release|x86.Build.0 = Release|Any CPU
		{D7D0C96A-5A39-4D79-BB04-31E05F0F0A11}.Debug|Any CPU.ActiveCfg = Debug|Any CPU
		{D7D0C96A-5A39-4D79-BB04-31E05F0F0A11}.Debug|Any CPU.Build.0 = Debug|Any CPU
		{D7D0C96A-5A39-4D79-BB04-31E05F0F0A11}.Debug|x64.ActiveCfg = Debug|Any CPU
		{D7D0C96A-5A39-4D79-BB04-31E05F0F0A11}.Debug|x64.Build.0 = Debug|Any CPU
		{D7D0C96A-5A39-4D79-BB04-31E05F0F0A11}.Debug|x86.ActiveCfg = Debug|Any CPU
		{D7D0C96A-5A39-4D79-BB04-31E05F0F0A11}.Debug|x86.Build.0 = Debug|Any CPU
		{D7D0C96A-5A39-4D79-BB04-31E05F0F0A11}.Release|Any CPU.ActiveCfg = Release|Any CPU
		{D7D0C96A-5A39-4D79-BB04-31E05F0F0A11}.Release|Any CPU.Build.0 = Release|Any CPU
		{D7D0C96A-5A39-4D79-BB04-31E05F0F0A11}.Release|x64.ActiveCfg = Release|Any CPU
		{D7D0C96A-5A39-4D79-BB04-31E05F0F0A11}.Release|x64.Build.0 = Release|Any CPU
		{D7D0C96A-5A39-4D79-BB04-31E05F0F0A11}.Release|x86.ActiveCfg = Release|Any CPU
		{D7D0C96A-5A39-4D79-BB04-31E05F0F0A11}.Release|x86.Build.0 = Release|Any CPU
		{71098500-1ABA-4E0B-B987-AD3E25E97DE1}.Debug|Any CPU.ActiveCfg = Debug|Any CPU
		{71098500-1ABA-4E0B-B987-AD3E25E97DE1}.Debug|Any CPU.Build.0 = Debug|Any CPU
		{71098500-1ABA-4E0B-B987-AD3E25E97DE1}.Debug|x64.ActiveCfg = Debug|Any CPU
		{71098500-1ABA-4E0B-B987-AD3E25E97DE1}.Debug|x64.Build.0 = Debug|Any CPU
		{71098500-1ABA-4E0B-B987-AD3E25E97DE1}.Debug|x86.ActiveCfg = Debug|Any CPU
		{71098500-1ABA-4E0B-B987-AD3E25E97DE1}.Debug|x86.Build.0 = Debug|Any CPU
		{71098500-1ABA-4E0B-B987-AD3E25E97DE1}.Release|Any CPU.ActiveCfg = Release|Any CPU
		{71098500-1ABA-4E0B-B987-AD3E25E97DE1}.Release|Any CPU.Build.0 = Release|Any CPU
		{71098500-1ABA-4E0B-B987-AD3E25E97DE1}.Release|x64.ActiveCfg = Release|Any CPU
		{71098500-1ABA-4E0B-B987-AD3E25E97DE1}.Release|x64.Build.0 = Release|Any CPU
		{71098500-1ABA-4E0B-B987-AD3E25E97DE1}.Release|x86.ActiveCfg = Release|Any CPU
		{71098500-1ABA-4E0B-B987-AD3E25E97DE1}.Release|x86.Build.0 = Release|Any CPU
		{E6F7E2C1-CC5A-4C3C-96D1-1E1F5B2F0C22}.Debug|Any CPU.ActiveCfg = Debug|Any CPU
		{E6F7E2C1-CC5A-4C3C-96D1-1E1F5B2F0C22}.Debug|Any CPU.Build.0 = Debug|Any CPU
		{E6F7E2C1-CC5A-4C3C-96D1-1E1F5B2F0C22}.Debug|x64.ActiveCfg = Debug|Any CPU
		{E6F7E2C1-CC5A-4C3C-96D1-1E1F5B2F0C22}.Debug|x64.Build.0 = Debug|Any CPU
		{E6F7E2C1-CC5A-4C3C-96D1-1E1F5B2F0C22}.Debug|x86.ActiveCfg = Debug|Any CPU
		{E6F7E2C1-CC5A-4C3C-96D1-1E1F5B2F0C22}.Debug|x86.Build.0 = Debug|Any CPU
		{E6F7E2C1-CC5A-4C3C-96D1-1E1F5B2F0C22}.Release|Any CPU.ActiveCfg = Release|Any CPU
		{E6F7E2C1-CC5A-4C3C-96D1-1E1F5B2F0C22}.Release|Any CPU.Build.0 = Release|Any CPU
		{E6F7E2C1-CC5A-4C3C-96D1-1E1F5B2F0C22}.Release|x64.ActiveCfg = Release|Any CPU
		{E6F7E2C1-CC5A-4C3C-96D1-1E1F5B2F0C22}.Release|x64.Build.0 = Release|Any CPU
		{E6F7E2C1-CC5A-4C3C-96D1-1E1F5B2F0C22}.Release|x86.ActiveCfg = Release|Any CPU
		{E6F7E2C1-CC5A-4C3C-96D1-1E1F5B2F0C22}.Release|x86.Build.0 = Release|Any CPU
		{CD1FD7FD-52D6-4E9C-8A30-CDE66790C1E5}.Debug|Any CPU.ActiveCfg = Debug|Any CPU
		{CD1FD7FD-52D6-4E9C-8A30-CDE66790C1E5}.Debug|Any CPU.Build.0 = Debug|Any CPU
		{CD1FD7FD-52D6-4E9C-8A30-CDE66790C1E5}.Debug|x64.ActiveCfg = Debug|Any CPU
		{CD1FD7FD-52D6-4E9C-8A30-CDE66790C1E5}.Debug|x64.Build.0 = Debug|Any CPU
		{CD1FD7FD-52D6-4E9C-8A30-CDE66790C1E5}.Debug|x86.ActiveCfg = Debug|Any CPU
		{CD1FD7FD-52D6-4E9C-8A30-CDE66790C1E5}.Debug|x86.Build.0 = Debug|Any CPU
		{CD1FD7FD-52D6-4E9C-8A30-CDE66790C1E5}.Release|Any CPU.ActiveCfg = Release|Any CPU
		{CD1FD7FD-52D6-4E9C-8A30-CDE66790C1E5}.Release|Any CPU.Build.0 = Release|Any CPU
		{CD1FD7FD-52D6-4E9C-8A30-CDE66790C1E5}.Release|x64.ActiveCfg = Release|Any CPU
		{CD1FD7FD-52D6-4E9C-8A30-CDE66790C1E5}.Release|x64.Build.0 = Release|Any CPU
		{CD1FD7FD-52D6-4E9C-8A30-CDE66790C1E5}.Release|x86.ActiveCfg = Release|Any CPU
		{CD1FD7FD-52D6-4E9C-8A30-CDE66790C1E5}.Release|x86.Build.0 = Release|Any CPU
		{3FD86076-73D8-46DC-9E56-ABA7EFBDCFE8}.Debug|Any CPU.ActiveCfg = Debug|Any CPU
		{3FD86076-73D8-46DC-9E56-ABA7EFBDCFE8}.Debug|Any CPU.Build.0 = Debug|Any CPU
		{3FD86076-73D8-46DC-9E56-ABA7EFBDCFE8}.Debug|x64.ActiveCfg = Debug|Any CPU
		{3FD86076-73D8-46DC-9E56-ABA7EFBDCFE8}.Debug|x64.Build.0 = Debug|Any CPU
		{3FD86076-73D8-46DC-9E56-ABA7EFBDCFE8}.Debug|x86.ActiveCfg = Debug|Any CPU
		{3FD86076-73D8-46DC-9E56-ABA7EFBDCFE8}.Debug|x86.Build.0 = Debug|Any CPU
		{3FD86076-73D8-46DC-9E56-ABA7EFBDCFE8}.Release|Any CPU.ActiveCfg = Release|Any CPU
		{3FD86076-73D8-46DC-9E56-ABA7EFBDCFE8}.Release|Any CPU.Build.0 = Release|Any CPU
		{3FD86076-73D8-46DC-9E56-ABA7EFBDCFE8}.Release|x64.ActiveCfg = Release|Any CPU
		{3FD86076-73D8-46DC-9E56-ABA7EFBDCFE8}.Release|x64.Build.0 = Release|Any CPU
		{3FD86076-73D8-46DC-9E56-ABA7EFBDCFE8}.Release|x86.ActiveCfg = Release|Any CPU
		{3FD86076-73D8-46DC-9E56-ABA7EFBDCFE8}.Release|x86.Build.0 = Release|Any CPU
		{2A344858-2050-421A-BB47-D8368CAC7D09}.Debug|Any CPU.ActiveCfg = Debug|Any CPU
		{2A344858-2050-421A-BB47-D8368CAC7D09}.Debug|Any CPU.Build.0 = Debug|Any CPU
		{2A344858-2050-421A-BB47-D8368CAC7D09}.Debug|x64.ActiveCfg = Debug|Any CPU
		{2A344858-2050-421A-BB47-D8368CAC7D09}.Debug|x64.Build.0 = Debug|Any CPU
		{2A344858-2050-421A-BB47-D8368CAC7D09}.Debug|x86.ActiveCfg = Debug|Any CPU
		{2A344858-2050-421A-BB47-D8368CAC7D09}.Debug|x86.Build.0 = Debug|Any CPU
		{2A344858-2050-421A-BB47-D8368CAC7D09}.Release|Any CPU.ActiveCfg = Release|Any CPU
		{2A344858-2050-421A-BB47-D8368CAC7D09}.Release|Any CPU.Build.0 = Release|Any CPU
		{2A344858-2050-421A-BB47-D8368CAC7D09}.Release|x64.ActiveCfg = Release|Any CPU
		{2A344858-2050-421A-BB47-D8368CAC7D09}.Release|x64.Build.0 = Release|Any CPU
		{2A344858-2050-421A-BB47-D8368CAC7D09}.Release|x86.ActiveCfg = Release|Any CPU
		{2A344858-2050-421A-BB47-D8368CAC7D09}.Release|x86.Build.0 = Release|Any CPU
		{FD3C7380-BDCE-4CF7-BC48-7E3BF916B96B}.Debug|Any CPU.ActiveCfg = Debug|Any CPU
		{FD3C7380-BDCE-4CF7-BC48-7E3BF916B96B}.Debug|Any CPU.Build.0 = Debug|Any CPU
		{FD3C7380-BDCE-4CF7-BC48-7E3BF916B96B}.Debug|x64.ActiveCfg = Debug|Any CPU
		{FD3C7380-BDCE-4CF7-BC48-7E3BF916B96B}.Debug|x64.Build.0 = Debug|Any CPU
		{FD3C7380-BDCE-4CF7-BC48-7E3BF916B96B}.Debug|x86.ActiveCfg = Debug|Any CPU
		{FD3C7380-BDCE-4CF7-BC48-7E3BF916B96B}.Debug|x86.Build.0 = Debug|Any CPU
		{FD3C7380-BDCE-4CF7-BC48-7E3BF916B96B}.Release|Any CPU.ActiveCfg = Release|Any CPU
		{FD3C7380-BDCE-4CF7-BC48-7E3BF916B96B}.Release|Any CPU.Build.0 = Release|Any CPU
		{FD3C7380-BDCE-4CF7-BC48-7E3BF916B96B}.Release|x64.ActiveCfg = Release|Any CPU
		{FD3C7380-BDCE-4CF7-BC48-7E3BF916B96B}.Release|x64.Build.0 = Release|Any CPU
		{FD3C7380-BDCE-4CF7-BC48-7E3BF916B96B}.Release|x86.ActiveCfg = Release|Any CPU
		{FD3C7380-BDCE-4CF7-BC48-7E3BF916B96B}.Release|x86.Build.0 = Release|Any CPU
		{FE87F856-E9B8-43FD-8E18-A8363D2794FD}.Debug|Any CPU.ActiveCfg = Debug|Any CPU
		{FE87F856-E9B8-43FD-8E18-A8363D2794FD}.Debug|Any CPU.Build.0 = Debug|Any CPU
		{FE87F856-E9B8-43FD-8E18-A8363D2794FD}.Debug|x64.ActiveCfg = Debug|Any CPU
		{FE87F856-E9B8-43FD-8E18-A8363D2794FD}.Debug|x64.Build.0 = Debug|Any CPU
		{FE87F856-E9B8-43FD-8E18-A8363D2794FD}.Debug|x86.ActiveCfg = Debug|Any CPU
		{FE87F856-E9B8-43FD-8E18-A8363D2794FD}.Debug|x86.Build.0 = Debug|Any CPU
		{FE87F856-E9B8-43FD-8E18-A8363D2794FD}.Release|Any CPU.ActiveCfg = Release|Any CPU
		{FE87F856-E9B8-43FD-8E18-A8363D2794FD}.Release|Any CPU.Build.0 = Release|Any CPU
		{FE87F856-E9B8-43FD-8E18-A8363D2794FD}.Release|x64.ActiveCfg = Release|Any CPU
		{FE87F856-E9B8-43FD-8E18-A8363D2794FD}.Release|x64.Build.0 = Release|Any CPU
		{FE87F856-E9B8-43FD-8E18-A8363D2794FD}.Release|x86.ActiveCfg = Release|Any CPU
		{FE87F856-E9B8-43FD-8E18-A8363D2794FD}.Release|x86.Build.0 = Release|Any CPU
		{4F6E1265-E51F-4320-91E7-2C8A964CF1D1}.Debug|Any CPU.ActiveCfg = Debug|Any CPU
		{4F6E1265-E51F-4320-91E7-2C8A964CF1D1}.Debug|Any CPU.Build.0 = Debug|Any CPU
		{4F6E1265-E51F-4320-91E7-2C8A964CF1D1}.Debug|x64.ActiveCfg = Debug|Any CPU
		{4F6E1265-E51F-4320-91E7-2C8A964CF1D1}.Debug|x64.Build.0 = Debug|Any CPU
		{4F6E1265-E51F-4320-91E7-2C8A964CF1D1}.Debug|x86.ActiveCfg = Debug|Any CPU
		{4F6E1265-E51F-4320-91E7-2C8A964CF1D1}.Debug|x86.Build.0 = Debug|Any CPU
		{4F6E1265-E51F-4320-91E7-2C8A964CF1D1}.Release|Any CPU.ActiveCfg = Release|Any CPU
		{4F6E1265-E51F-4320-91E7-2C8A964CF1D1}.Release|Any CPU.Build.0 = Release|Any CPU
		{4F6E1265-E51F-4320-91E7-2C8A964CF1D1}.Release|x64.ActiveCfg = Release|Any CPU
		{4F6E1265-E51F-4320-91E7-2C8A964CF1D1}.Release|x64.Build.0 = Release|Any CPU
		{4F6E1265-E51F-4320-91E7-2C8A964CF1D1}.Release|x86.ActiveCfg = Release|Any CPU
		{4F6E1265-E51F-4320-91E7-2C8A964CF1D1}.Release|x86.Build.0 = Release|Any CPU
		{88790453-827F-4BDB-82C8-02E1C97AD405}.Debug|Any CPU.ActiveCfg = Debug|Any CPU
		{88790453-827F-4BDB-82C8-02E1C97AD405}.Debug|Any CPU.Build.0 = Debug|Any CPU
		{88790453-827F-4BDB-82C8-02E1C97AD405}.Debug|x64.ActiveCfg = Debug|Any CPU
		{88790453-827F-4BDB-82C8-02E1C97AD405}.Debug|x64.Build.0 = Debug|Any CPU
		{88790453-827F-4BDB-82C8-02E1C97AD405}.Debug|x86.ActiveCfg = Debug|Any CPU
		{88790453-827F-4BDB-82C8-02E1C97AD405}.Debug|x86.Build.0 = Debug|Any CPU
		{88790453-827F-4BDB-82C8-02E1C97AD405}.Release|Any CPU.ActiveCfg = Release|Any CPU
		{88790453-827F-4BDB-82C8-02E1C97AD405}.Release|Any CPU.Build.0 = Release|Any CPU
		{88790453-827F-4BDB-82C8-02E1C97AD405}.Release|x64.ActiveCfg = Release|Any CPU
		{88790453-827F-4BDB-82C8-02E1C97AD405}.Release|x64.Build.0 = Release|Any CPU
		{88790453-827F-4BDB-82C8-02E1C97AD405}.Release|x86.ActiveCfg = Release|Any CPU
		{88790453-827F-4BDB-82C8-02E1C97AD405}.Release|x86.Build.0 = Release|Any CPU
		{14FC8C00-3BCA-43E0-B399-A3F623B934E2}.Debug|Any CPU.ActiveCfg = Debug|Any CPU
		{14FC8C00-3BCA-43E0-B399-A3F623B934E2}.Debug|Any CPU.Build.0 = Debug|Any CPU
		{14FC8C00-3BCA-43E0-B399-A3F623B934E2}.Debug|x64.ActiveCfg = Debug|Any CPU
		{14FC8C00-3BCA-43E0-B399-A3F623B934E2}.Debug|x64.Build.0 = Debug|Any CPU
		{14FC8C00-3BCA-43E0-B399-A3F623B934E2}.Debug|x86.ActiveCfg = Debug|Any CPU
		{14FC8C00-3BCA-43E0-B399-A3F623B934E2}.Debug|x86.Build.0 = Debug|Any CPU
		{14FC8C00-3BCA-43E0-B399-A3F623B934E2}.Release|Any CPU.ActiveCfg = Release|Any CPU
		{14FC8C00-3BCA-43E0-B399-A3F623B934E2}.Release|Any CPU.Build.0 = Release|Any CPU
		{14FC8C00-3BCA-43E0-B399-A3F623B934E2}.Release|x64.ActiveCfg = Release|Any CPU
		{14FC8C00-3BCA-43E0-B399-A3F623B934E2}.Release|x64.Build.0 = Release|Any CPU
		{14FC8C00-3BCA-43E0-B399-A3F623B934E2}.Release|x86.ActiveCfg = Release|Any CPU
		{14FC8C00-3BCA-43E0-B399-A3F623B934E2}.Release|x86.Build.0 = Release|Any CPU
		{186F68F2-19C2-40C4-B7F7-47654C5CC8D2}.Debug|Any CPU.ActiveCfg = Debug|Any CPU
		{186F68F2-19C2-40C4-B7F7-47654C5CC8D2}.Debug|Any CPU.Build.0 = Debug|Any CPU
		{186F68F2-19C2-40C4-B7F7-47654C5CC8D2}.Debug|x64.ActiveCfg = Debug|Any CPU
		{186F68F2-19C2-40C4-B7F7-47654C5CC8D2}.Debug|x64.Build.0 = Debug|Any CPU
		{186F68F2-19C2-40C4-B7F7-47654C5CC8D2}.Debug|x86.ActiveCfg = Debug|Any CPU
		{186F68F2-19C2-40C4-B7F7-47654C5CC8D2}.Debug|x86.Build.0 = Debug|Any CPU
		{186F68F2-19C2-40C4-B7F7-47654C5CC8D2}.Release|Any CPU.ActiveCfg = Release|Any CPU
		{186F68F2-19C2-40C4-B7F7-47654C5CC8D2}.Release|Any CPU.Build.0 = Release|Any CPU
		{186F68F2-19C2-40C4-B7F7-47654C5CC8D2}.Release|x64.ActiveCfg = Release|Any CPU
		{186F68F2-19C2-40C4-B7F7-47654C5CC8D2}.Release|x64.Build.0 = Release|Any CPU
		{186F68F2-19C2-40C4-B7F7-47654C5CC8D2}.Release|x86.ActiveCfg = Release|Any CPU
		{186F68F2-19C2-40C4-B7F7-47654C5CC8D2}.Release|x86.Build.0 = Release|Any CPU
		{35085481-EC46-4C60-B5AD-EFC4CD8E8930}.Debug|Any CPU.ActiveCfg = Debug|Any CPU
		{35085481-EC46-4C60-B5AD-EFC4CD8E8930}.Debug|Any CPU.Build.0 = Debug|Any CPU
		{35085481-EC46-4C60-B5AD-EFC4CD8E8930}.Debug|x64.ActiveCfg = Debug|Any CPU
		{35085481-EC46-4C60-B5AD-EFC4CD8E8930}.Debug|x64.Build.0 = Debug|Any CPU
		{35085481-EC46-4C60-B5AD-EFC4CD8E8930}.Debug|x86.ActiveCfg = Debug|Any CPU
		{35085481-EC46-4C60-B5AD-EFC4CD8E8930}.Debug|x86.Build.0 = Debug|Any CPU
		{35085481-EC46-4C60-B5AD-EFC4CD8E8930}.Release|Any CPU.ActiveCfg = Release|Any CPU
		{35085481-EC46-4C60-B5AD-EFC4CD8E8930}.Release|Any CPU.Build.0 = Release|Any CPU
		{35085481-EC46-4C60-B5AD-EFC4CD8E8930}.Release|x64.ActiveCfg = Release|Any CPU
		{35085481-EC46-4C60-B5AD-EFC4CD8E8930}.Release|x64.Build.0 = Release|Any CPU
		{35085481-EC46-4C60-B5AD-EFC4CD8E8930}.Release|x86.ActiveCfg = Release|Any CPU
		{35085481-EC46-4C60-B5AD-EFC4CD8E8930}.Release|x86.Build.0 = Release|Any CPU
		{014D7BC9-25B1-4F24-B3BD-D8C3478C582F}.Debug|Any CPU.ActiveCfg = Debug|Any CPU
		{014D7BC9-25B1-4F24-B3BD-D8C3478C582F}.Debug|Any CPU.Build.0 = Debug|Any CPU
		{014D7BC9-25B1-4F24-B3BD-D8C3478C582F}.Debug|x64.ActiveCfg = Debug|Any CPU
		{014D7BC9-25B1-4F24-B3BD-D8C3478C582F}.Debug|x64.Build.0 = Debug|Any CPU
		{014D7BC9-25B1-4F24-B3BD-D8C3478C582F}.Debug|x86.ActiveCfg = Debug|Any CPU
		{014D7BC9-25B1-4F24-B3BD-D8C3478C582F}.Debug|x86.Build.0 = Debug|Any CPU
		{014D7BC9-25B1-4F24-B3BD-D8C3478C582F}.Release|Any CPU.ActiveCfg = Release|Any CPU
		{014D7BC9-25B1-4F24-B3BD-D8C3478C582F}.Release|Any CPU.Build.0 = Release|Any CPU
		{014D7BC9-25B1-4F24-B3BD-D8C3478C582F}.Release|x64.ActiveCfg = Release|Any CPU
		{014D7BC9-25B1-4F24-B3BD-D8C3478C582F}.Release|x64.Build.0 = Release|Any CPU
		{014D7BC9-25B1-4F24-B3BD-D8C3478C582F}.Release|x86.ActiveCfg = Release|Any CPU
		{014D7BC9-25B1-4F24-B3BD-D8C3478C582F}.Release|x86.Build.0 = Release|Any CPU
		{1A6CAA41-ABEA-493C-9F30-51E41941F36A}.Debug|Any CPU.ActiveCfg = Debug|Any CPU
		{1A6CAA41-ABEA-493C-9F30-51E41941F36A}.Debug|Any CPU.Build.0 = Debug|Any CPU
		{1A6CAA41-ABEA-493C-9F30-51E41941F36A}.Debug|x64.ActiveCfg = Debug|Any CPU
		{1A6CAA41-ABEA-493C-9F30-51E41941F36A}.Debug|x64.Build.0 = Debug|Any CPU
		{1A6CAA41-ABEA-493C-9F30-51E41941F36A}.Debug|x86.ActiveCfg = Debug|Any CPU
		{1A6CAA41-ABEA-493C-9F30-51E41941F36A}.Debug|x86.Build.0 = Debug|Any CPU
		{1A6CAA41-ABEA-493C-9F30-51E41941F36A}.Release|Any CPU.ActiveCfg = Release|Any CPU
		{1A6CAA41-ABEA-493C-9F30-51E41941F36A}.Release|Any CPU.Build.0 = Release|Any CPU
		{1A6CAA41-ABEA-493C-9F30-51E41941F36A}.Release|x64.ActiveCfg = Release|Any CPU
		{1A6CAA41-ABEA-493C-9F30-51E41941F36A}.Release|x64.Build.0 = Release|Any CPU
		{1A6CAA41-ABEA-493C-9F30-51E41941F36A}.Release|x86.ActiveCfg = Release|Any CPU
		{1A6CAA41-ABEA-493C-9F30-51E41941F36A}.Release|x86.Build.0 = Release|Any CPU
		{3B4555BF-73A0-460C-BC7B-619B8AB6156C}.Debug|Any CPU.ActiveCfg = Debug|Any CPU
		{3B4555BF-73A0-460C-BC7B-619B8AB6156C}.Debug|Any CPU.Build.0 = Debug|Any CPU
		{3B4555BF-73A0-460C-BC7B-619B8AB6156C}.Debug|x64.ActiveCfg = Debug|Any CPU
		{3B4555BF-73A0-460C-BC7B-619B8AB6156C}.Debug|x64.Build.0 = Debug|Any CPU
		{3B4555BF-73A0-460C-BC7B-619B8AB6156C}.Debug|x86.ActiveCfg = Debug|Any CPU
		{3B4555BF-73A0-460C-BC7B-619B8AB6156C}.Debug|x86.Build.0 = Debug|Any CPU
		{3B4555BF-73A0-460C-BC7B-619B8AB6156C}.Release|Any CPU.ActiveCfg = Release|Any CPU
		{3B4555BF-73A0-460C-BC7B-619B8AB6156C}.Release|Any CPU.Build.0 = Release|Any CPU
		{3B4555BF-73A0-460C-BC7B-619B8AB6156C}.Release|x64.ActiveCfg = Release|Any CPU
		{3B4555BF-73A0-460C-BC7B-619B8AB6156C}.Release|x64.Build.0 = Release|Any CPU
		{3B4555BF-73A0-460C-BC7B-619B8AB6156C}.Release|x86.ActiveCfg = Release|Any CPU
		{3B4555BF-73A0-460C-BC7B-619B8AB6156C}.Release|x86.Build.0 = Release|Any CPU
		{D0CD83F4-95FD-4973-8DF5-EE429995FAA9}.Debug|Any CPU.ActiveCfg = Debug|Any CPU
		{D0CD83F4-95FD-4973-8DF5-EE429995FAA9}.Debug|Any CPU.Build.0 = Debug|Any CPU
		{D0CD83F4-95FD-4973-8DF5-EE429995FAA9}.Debug|x64.ActiveCfg = Debug|Any CPU
		{D0CD83F4-95FD-4973-8DF5-EE429995FAA9}.Debug|x64.Build.0 = Debug|Any CPU
		{D0CD83F4-95FD-4973-8DF5-EE429995FAA9}.Debug|x86.ActiveCfg = Debug|Any CPU
		{D0CD83F4-95FD-4973-8DF5-EE429995FAA9}.Debug|x86.Build.0 = Debug|Any CPU
		{D0CD83F4-95FD-4973-8DF5-EE429995FAA9}.Release|Any CPU.ActiveCfg = Release|Any CPU
		{D0CD83F4-95FD-4973-8DF5-EE429995FAA9}.Release|Any CPU.Build.0 = Release|Any CPU
		{D0CD83F4-95FD-4973-8DF5-EE429995FAA9}.Release|x64.ActiveCfg = Release|Any CPU
		{D0CD83F4-95FD-4973-8DF5-EE429995FAA9}.Release|x64.Build.0 = Release|Any CPU
		{D0CD83F4-95FD-4973-8DF5-EE429995FAA9}.Release|x86.ActiveCfg = Release|Any CPU
		{D0CD83F4-95FD-4973-8DF5-EE429995FAA9}.Release|x86.Build.0 = Release|Any CPU
		{5C7DEF25-82DC-4AB5-8401-81E85B949E16}.Debug|Any CPU.ActiveCfg = Debug|Any CPU
		{5C7DEF25-82DC-4AB5-8401-81E85B949E16}.Debug|Any CPU.Build.0 = Debug|Any CPU
		{5C7DEF25-82DC-4AB5-8401-81E85B949E16}.Debug|x64.ActiveCfg = Debug|Any CPU
		{5C7DEF25-82DC-4AB5-8401-81E85B949E16}.Debug|x64.Build.0 = Debug|Any CPU
		{5C7DEF25-82DC-4AB5-8401-81E85B949E16}.Debug|x86.ActiveCfg = Debug|Any CPU
		{5C7DEF25-82DC-4AB5-8401-81E85B949E16}.Debug|x86.Build.0 = Debug|Any CPU
		{5C7DEF25-82DC-4AB5-8401-81E85B949E16}.Release|Any CPU.ActiveCfg = Release|Any CPU
		{5C7DEF25-82DC-4AB5-8401-81E85B949E16}.Release|Any CPU.Build.0 = Release|Any CPU
		{5C7DEF25-82DC-4AB5-8401-81E85B949E16}.Release|x64.ActiveCfg = Release|Any CPU
		{5C7DEF25-82DC-4AB5-8401-81E85B949E16}.Release|x64.Build.0 = Release|Any CPU
		{5C7DEF25-82DC-4AB5-8401-81E85B949E16}.Release|x86.ActiveCfg = Release|Any CPU
		{5C7DEF25-82DC-4AB5-8401-81E85B949E16}.Release|x86.Build.0 = Release|Any CPU
		{9FB199B7-9DA4-4EB7-AEF3-3AF8B169A7FA}.Debug|Any CPU.ActiveCfg = Debug|Any CPU
		{9FB199B7-9DA4-4EB7-AEF3-3AF8B169A7FA}.Debug|Any CPU.Build.0 = Debug|Any CPU
		{9FB199B7-9DA4-4EB7-AEF3-3AF8B169A7FA}.Debug|x64.ActiveCfg = Debug|Any CPU
		{9FB199B7-9DA4-4EB7-AEF3-3AF8B169A7FA}.Debug|x64.Build.0 = Debug|Any CPU
		{9FB199B7-9DA4-4EB7-AEF3-3AF8B169A7FA}.Debug|x86.ActiveCfg = Debug|Any CPU
		{9FB199B7-9DA4-4EB7-AEF3-3AF8B169A7FA}.Debug|x86.Build.0 = Debug|Any CPU
		{9FB199B7-9DA4-4EB7-AEF3-3AF8B169A7FA}.Release|Any CPU.ActiveCfg = Release|Any CPU
		{9FB199B7-9DA4-4EB7-AEF3-3AF8B169A7FA}.Release|Any CPU.Build.0 = Release|Any CPU
		{9FB199B7-9DA4-4EB7-AEF3-3AF8B169A7FA}.Release|x64.ActiveCfg = Release|Any CPU
		{9FB199B7-9DA4-4EB7-AEF3-3AF8B169A7FA}.Release|x64.Build.0 = Release|Any CPU
		{9FB199B7-9DA4-4EB7-AEF3-3AF8B169A7FA}.Release|x86.ActiveCfg = Release|Any CPU
		{9FB199B7-9DA4-4EB7-AEF3-3AF8B169A7FA}.Release|x86.Build.0 = Release|Any CPU
		{D77CC049-091E-4D78-BD0C-E52A9006EF26}.Debug|Any CPU.ActiveCfg = Debug|Any CPU
		{D77CC049-091E-4D78-BD0C-E52A9006EF26}.Debug|Any CPU.Build.0 = Debug|Any CPU
		{D77CC049-091E-4D78-BD0C-E52A9006EF26}.Debug|x64.ActiveCfg = Debug|Any CPU
		{D77CC049-091E-4D78-BD0C-E52A9006EF26}.Debug|x64.Build.0 = Debug|Any CPU
		{D77CC049-091E-4D78-BD0C-E52A9006EF26}.Debug|x86.ActiveCfg = Debug|Any CPU
		{D77CC049-091E-4D78-BD0C-E52A9006EF26}.Debug|x86.Build.0 = Debug|Any CPU
		{D77CC049-091E-4D78-BD0C-E52A9006EF26}.Release|Any CPU.ActiveCfg = Release|Any CPU
		{D77CC049-091E-4D78-BD0C-E52A9006EF26}.Release|Any CPU.Build.0 = Release|Any CPU
		{D77CC049-091E-4D78-BD0C-E52A9006EF26}.Release|x64.ActiveCfg = Release|Any CPU
		{D77CC049-091E-4D78-BD0C-E52A9006EF26}.Release|x64.Build.0 = Release|Any CPU
		{D77CC049-091E-4D78-BD0C-E52A9006EF26}.Release|x86.ActiveCfg = Release|Any CPU
		{D77CC049-091E-4D78-BD0C-E52A9006EF26}.Release|x86.Build.0 = Release|Any CPU
		{0D5B5A86-350C-49EA-BF12-7AE64EF9A45B}.Debug|Any CPU.ActiveCfg = Debug|Any CPU
		{0D5B5A86-350C-49EA-BF12-7AE64EF9A45B}.Debug|Any CPU.Build.0 = Debug|Any CPU
		{0D5B5A86-350C-49EA-BF12-7AE64EF9A45B}.Debug|x64.ActiveCfg = Debug|Any CPU
		{0D5B5A86-350C-49EA-BF12-7AE64EF9A45B}.Debug|x64.Build.0 = Debug|Any CPU
		{0D5B5A86-350C-49EA-BF12-7AE64EF9A45B}.Debug|x86.ActiveCfg = Debug|Any CPU
		{0D5B5A86-350C-49EA-BF12-7AE64EF9A45B}.Debug|x86.Build.0 = Debug|Any CPU
		{0D5B5A86-350C-49EA-BF12-7AE64EF9A45B}.Release|Any CPU.ActiveCfg = Release|Any CPU
		{0D5B5A86-350C-49EA-BF12-7AE64EF9A45B}.Release|Any CPU.Build.0 = Release|Any CPU
		{0D5B5A86-350C-49EA-BF12-7AE64EF9A45B}.Release|x64.ActiveCfg = Release|Any CPU
		{0D5B5A86-350C-49EA-BF12-7AE64EF9A45B}.Release|x64.Build.0 = Release|Any CPU
		{0D5B5A86-350C-49EA-BF12-7AE64EF9A45B}.Release|x86.ActiveCfg = Release|Any CPU
		{0D5B5A86-350C-49EA-BF12-7AE64EF9A45B}.Release|x86.Build.0 = Release|Any CPU
		{5FE33704-4D67-4B48-BD6A-7EFECD734970}.Debug|Any CPU.ActiveCfg = Debug|Any CPU
		{5FE33704-4D67-4B48-BD6A-7EFECD734970}.Debug|Any CPU.Build.0 = Debug|Any CPU
		{5FE33704-4D67-4B48-BD6A-7EFECD734970}.Debug|x64.ActiveCfg = Debug|Any CPU
		{5FE33704-4D67-4B48-BD6A-7EFECD734970}.Debug|x64.Build.0 = Debug|Any CPU
		{5FE33704-4D67-4B48-BD6A-7EFECD734970}.Debug|x86.ActiveCfg = Debug|Any CPU
		{5FE33704-4D67-4B48-BD6A-7EFECD734970}.Debug|x86.Build.0 = Debug|Any CPU
		{5FE33704-4D67-4B48-BD6A-7EFECD734970}.Release|Any CPU.ActiveCfg = Release|Any CPU
		{5FE33704-4D67-4B48-BD6A-7EFECD734970}.Release|Any CPU.Build.0 = Release|Any CPU
		{5FE33704-4D67-4B48-BD6A-7EFECD734970}.Release|x64.ActiveCfg = Release|Any CPU
		{5FE33704-4D67-4B48-BD6A-7EFECD734970}.Release|x64.Build.0 = Release|Any CPU
		{5FE33704-4D67-4B48-BD6A-7EFECD734970}.Release|x86.ActiveCfg = Release|Any CPU
		{5FE33704-4D67-4B48-BD6A-7EFECD734970}.Release|x86.Build.0 = Release|Any CPU
		{59B19C61-24A7-4651-BC81-DBA4A6C26A88}.Debug|Any CPU.ActiveCfg = Debug|Any CPU
		{59B19C61-24A7-4651-BC81-DBA4A6C26A88}.Debug|Any CPU.Build.0 = Debug|Any CPU
		{59B19C61-24A7-4651-BC81-DBA4A6C26A88}.Debug|x64.ActiveCfg = Debug|Any CPU
		{59B19C61-24A7-4651-BC81-DBA4A6C26A88}.Debug|x64.Build.0 = Debug|Any CPU
		{59B19C61-24A7-4651-BC81-DBA4A6C26A88}.Debug|x86.ActiveCfg = Debug|Any CPU
		{59B19C61-24A7-4651-BC81-DBA4A6C26A88}.Debug|x86.Build.0 = Debug|Any CPU
		{59B19C61-24A7-4651-BC81-DBA4A6C26A88}.Release|Any CPU.ActiveCfg = Release|Any CPU
		{59B19C61-24A7-4651-BC81-DBA4A6C26A88}.Release|Any CPU.Build.0 = Release|Any CPU
		{59B19C61-24A7-4651-BC81-DBA4A6C26A88}.Release|x64.ActiveCfg = Release|Any CPU
		{59B19C61-24A7-4651-BC81-DBA4A6C26A88}.Release|x64.Build.0 = Release|Any CPU
		{59B19C61-24A7-4651-BC81-DBA4A6C26A88}.Release|x86.ActiveCfg = Release|Any CPU
		{59B19C61-24A7-4651-BC81-DBA4A6C26A88}.Release|x86.Build.0 = Release|Any CPU
		{924BC8D4-083A-429B-A87F-073B7D41F7A5}.Debug|Any CPU.ActiveCfg = Debug|Any CPU
		{924BC8D4-083A-429B-A87F-073B7D41F7A5}.Debug|Any CPU.Build.0 = Debug|Any CPU
		{924BC8D4-083A-429B-A87F-073B7D41F7A5}.Debug|x64.ActiveCfg = Debug|Any CPU
		{924BC8D4-083A-429B-A87F-073B7D41F7A5}.Debug|x64.Build.0 = Debug|Any CPU
		{924BC8D4-083A-429B-A87F-073B7D41F7A5}.Debug|x86.ActiveCfg = Debug|Any CPU
		{924BC8D4-083A-429B-A87F-073B7D41F7A5}.Debug|x86.Build.0 = Debug|Any CPU
		{924BC8D4-083A-429B-A87F-073B7D41F7A5}.Release|Any CPU.ActiveCfg = Release|Any CPU
		{924BC8D4-083A-429B-A87F-073B7D41F7A5}.Release|Any CPU.Build.0 = Release|Any CPU
		{924BC8D4-083A-429B-A87F-073B7D41F7A5}.Release|x64.ActiveCfg = Release|Any CPU
		{924BC8D4-083A-429B-A87F-073B7D41F7A5}.Release|x64.Build.0 = Release|Any CPU
		{924BC8D4-083A-429B-A87F-073B7D41F7A5}.Release|x86.ActiveCfg = Release|Any CPU
		{924BC8D4-083A-429B-A87F-073B7D41F7A5}.Release|x86.Build.0 = Release|Any CPU
		{85ADCF44-04A1-4571-A052-53FF7D224592}.Debug|Any CPU.ActiveCfg = Debug|Any CPU
		{85ADCF44-04A1-4571-A052-53FF7D224592}.Debug|Any CPU.Build.0 = Debug|Any CPU
		{85ADCF44-04A1-4571-A052-53FF7D224592}.Debug|x64.ActiveCfg = Debug|Any CPU
		{85ADCF44-04A1-4571-A052-53FF7D224592}.Debug|x64.Build.0 = Debug|Any CPU
		{85ADCF44-04A1-4571-A052-53FF7D224592}.Debug|x86.ActiveCfg = Debug|Any CPU
		{85ADCF44-04A1-4571-A052-53FF7D224592}.Debug|x86.Build.0 = Debug|Any CPU
		{85ADCF44-04A1-4571-A052-53FF7D224592}.Release|Any CPU.ActiveCfg = Release|Any CPU
		{85ADCF44-04A1-4571-A052-53FF7D224592}.Release|Any CPU.Build.0 = Release|Any CPU
		{85ADCF44-04A1-4571-A052-53FF7D224592}.Release|x64.ActiveCfg = Release|Any CPU
		{85ADCF44-04A1-4571-A052-53FF7D224592}.Release|x64.Build.0 = Release|Any CPU
		{85ADCF44-04A1-4571-A052-53FF7D224592}.Release|x86.ActiveCfg = Release|Any CPU
		{85ADCF44-04A1-4571-A052-53FF7D224592}.Release|x86.Build.0 = Release|Any CPU
		{4783054E-495F-4F6A-BB3E-AFE8604B8BED}.Debug|Any CPU.ActiveCfg = Debug|Any CPU
		{4783054E-495F-4F6A-BB3E-AFE8604B8BED}.Debug|Any CPU.Build.0 = Debug|Any CPU
		{4783054E-495F-4F6A-BB3E-AFE8604B8BED}.Debug|x64.ActiveCfg = Debug|Any CPU
		{4783054E-495F-4F6A-BB3E-AFE8604B8BED}.Debug|x64.Build.0 = Debug|Any CPU
		{4783054E-495F-4F6A-BB3E-AFE8604B8BED}.Debug|x86.ActiveCfg = Debug|Any CPU
		{4783054E-495F-4F6A-BB3E-AFE8604B8BED}.Debug|x86.Build.0 = Debug|Any CPU
		{4783054E-495F-4F6A-BB3E-AFE8604B8BED}.Release|Any CPU.ActiveCfg = Release|Any CPU
		{4783054E-495F-4F6A-BB3E-AFE8604B8BED}.Release|Any CPU.Build.0 = Release|Any CPU
		{4783054E-495F-4F6A-BB3E-AFE8604B8BED}.Release|x64.ActiveCfg = Release|Any CPU
		{4783054E-495F-4F6A-BB3E-AFE8604B8BED}.Release|x64.Build.0 = Release|Any CPU
		{4783054E-495F-4F6A-BB3E-AFE8604B8BED}.Release|x86.ActiveCfg = Release|Any CPU
		{4783054E-495F-4F6A-BB3E-AFE8604B8BED}.Release|x86.Build.0 = Release|Any CPU
		{66409F9D-F568-4328-A386-FA7CE65E33CA}.Debug|Any CPU.ActiveCfg = Debug|Any CPU
		{66409F9D-F568-4328-A386-FA7CE65E33CA}.Debug|Any CPU.Build.0 = Debug|Any CPU
		{66409F9D-F568-4328-A386-FA7CE65E33CA}.Debug|x64.ActiveCfg = Debug|Any CPU
		{66409F9D-F568-4328-A386-FA7CE65E33CA}.Debug|x64.Build.0 = Debug|Any CPU
		{66409F9D-F568-4328-A386-FA7CE65E33CA}.Debug|x86.ActiveCfg = Debug|Any CPU
		{66409F9D-F568-4328-A386-FA7CE65E33CA}.Debug|x86.Build.0 = Debug|Any CPU
		{66409F9D-F568-4328-A386-FA7CE65E33CA}.Release|Any CPU.ActiveCfg = Release|Any CPU
		{66409F9D-F568-4328-A386-FA7CE65E33CA}.Release|Any CPU.Build.0 = Release|Any CPU
		{66409F9D-F568-4328-A386-FA7CE65E33CA}.Release|x64.ActiveCfg = Release|Any CPU
		{66409F9D-F568-4328-A386-FA7CE65E33CA}.Release|x64.Build.0 = Release|Any CPU
		{66409F9D-F568-4328-A386-FA7CE65E33CA}.Release|x86.ActiveCfg = Release|Any CPU
		{66409F9D-F568-4328-A386-FA7CE65E33CA}.Release|x86.Build.0 = Release|Any CPU
		{5CBB46FA-039B-4269-A13F-80CD51AA4FEE}.Debug|Any CPU.ActiveCfg = Debug|Any CPU
		{5CBB46FA-039B-4269-A13F-80CD51AA4FEE}.Debug|Any CPU.Build.0 = Debug|Any CPU
		{5CBB46FA-039B-4269-A13F-80CD51AA4FEE}.Debug|x64.ActiveCfg = Debug|Any CPU
		{5CBB46FA-039B-4269-A13F-80CD51AA4FEE}.Debug|x64.Build.0 = Debug|Any CPU
		{5CBB46FA-039B-4269-A13F-80CD51AA4FEE}.Debug|x86.ActiveCfg = Debug|Any CPU
		{5CBB46FA-039B-4269-A13F-80CD51AA4FEE}.Debug|x86.Build.0 = Debug|Any CPU
		{5CBB46FA-039B-4269-A13F-80CD51AA4FEE}.Release|Any CPU.ActiveCfg = Release|Any CPU
		{5CBB46FA-039B-4269-A13F-80CD51AA4FEE}.Release|Any CPU.Build.0 = Release|Any CPU
		{5CBB46FA-039B-4269-A13F-80CD51AA4FEE}.Release|x64.ActiveCfg = Release|Any CPU
		{5CBB46FA-039B-4269-A13F-80CD51AA4FEE}.Release|x64.Build.0 = Release|Any CPU
		{5CBB46FA-039B-4269-A13F-80CD51AA4FEE}.Release|x86.ActiveCfg = Release|Any CPU
		{5CBB46FA-039B-4269-A13F-80CD51AA4FEE}.Release|x86.Build.0 = Release|Any CPU
		{BE4F4338-C7DF-4D0E-AB45-17AF40AA4740}.Debug|Any CPU.ActiveCfg = Debug|Any CPU
		{BE4F4338-C7DF-4D0E-AB45-17AF40AA4740}.Debug|Any CPU.Build.0 = Debug|Any CPU
		{BE4F4338-C7DF-4D0E-AB45-17AF40AA4740}.Debug|x64.ActiveCfg = Debug|Any CPU
		{BE4F4338-C7DF-4D0E-AB45-17AF40AA4740}.Debug|x64.Build.0 = Debug|Any CPU
		{BE4F4338-C7DF-4D0E-AB45-17AF40AA4740}.Debug|x86.ActiveCfg = Debug|Any CPU
		{BE4F4338-C7DF-4D0E-AB45-17AF40AA4740}.Debug|x86.Build.0 = Debug|Any CPU
		{BE4F4338-C7DF-4D0E-AB45-17AF40AA4740}.Release|Any CPU.ActiveCfg = Release|Any CPU
		{BE4F4338-C7DF-4D0E-AB45-17AF40AA4740}.Release|Any CPU.Build.0 = Release|Any CPU
		{BE4F4338-C7DF-4D0E-AB45-17AF40AA4740}.Release|x64.ActiveCfg = Release|Any CPU
		{BE4F4338-C7DF-4D0E-AB45-17AF40AA4740}.Release|x64.Build.0 = Release|Any CPU
		{BE4F4338-C7DF-4D0E-AB45-17AF40AA4740}.Release|x86.ActiveCfg = Release|Any CPU
		{BE4F4338-C7DF-4D0E-AB45-17AF40AA4740}.Release|x86.Build.0 = Release|Any CPU
		{90BCE57B-1C2B-45A1-BF3C-E09E31201663}.Debug|Any CPU.ActiveCfg = Debug|Any CPU
		{90BCE57B-1C2B-45A1-BF3C-E09E31201663}.Debug|Any CPU.Build.0 = Debug|Any CPU
		{90BCE57B-1C2B-45A1-BF3C-E09E31201663}.Debug|x64.ActiveCfg = Debug|Any CPU
		{90BCE57B-1C2B-45A1-BF3C-E09E31201663}.Debug|x64.Build.0 = Debug|Any CPU
		{90BCE57B-1C2B-45A1-BF3C-E09E31201663}.Debug|x86.ActiveCfg = Debug|Any CPU
		{90BCE57B-1C2B-45A1-BF3C-E09E31201663}.Debug|x86.Build.0 = Debug|Any CPU
		{90BCE57B-1C2B-45A1-BF3C-E09E31201663}.Release|Any CPU.ActiveCfg = Release|Any CPU
		{90BCE57B-1C2B-45A1-BF3C-E09E31201663}.Release|Any CPU.Build.0 = Release|Any CPU
		{90BCE57B-1C2B-45A1-BF3C-E09E31201663}.Release|x64.ActiveCfg = Release|Any CPU
		{90BCE57B-1C2B-45A1-BF3C-E09E31201663}.Release|x64.Build.0 = Release|Any CPU
		{90BCE57B-1C2B-45A1-BF3C-E09E31201663}.Release|x86.ActiveCfg = Release|Any CPU
		{90BCE57B-1C2B-45A1-BF3C-E09E31201663}.Release|x86.Build.0 = Release|Any CPU
		{90DB8BEC-05B1-4DED-A218-0FE1D11B4028}.Debug|Any CPU.ActiveCfg = Debug|Any CPU
		{90DB8BEC-05B1-4DED-A218-0FE1D11B4028}.Debug|Any CPU.Build.0 = Debug|Any CPU
		{90DB8BEC-05B1-4DED-A218-0FE1D11B4028}.Debug|x64.ActiveCfg = Debug|Any CPU
		{90DB8BEC-05B1-4DED-A218-0FE1D11B4028}.Debug|x64.Build.0 = Debug|Any CPU
		{90DB8BEC-05B1-4DED-A218-0FE1D11B4028}.Debug|x86.ActiveCfg = Debug|Any CPU
		{90DB8BEC-05B1-4DED-A218-0FE1D11B4028}.Debug|x86.Build.0 = Debug|Any CPU
		{90DB8BEC-05B1-4DED-A218-0FE1D11B4028}.Release|Any CPU.ActiveCfg = Release|Any CPU
		{90DB8BEC-05B1-4DED-A218-0FE1D11B4028}.Release|Any CPU.Build.0 = Release|Any CPU
		{90DB8BEC-05B1-4DED-A218-0FE1D11B4028}.Release|x64.ActiveCfg = Release|Any CPU
		{90DB8BEC-05B1-4DED-A218-0FE1D11B4028}.Release|x64.Build.0 = Release|Any CPU
		{90DB8BEC-05B1-4DED-A218-0FE1D11B4028}.Release|x86.ActiveCfg = Release|Any CPU
		{90DB8BEC-05B1-4DED-A218-0FE1D11B4028}.Release|x86.Build.0 = Release|Any CPU
		{E1FA0397-5549-4A3D-9D7F-35E38C215F68}.Debug|Any CPU.ActiveCfg = Debug|Any CPU
		{E1FA0397-5549-4A3D-9D7F-35E38C215F68}.Debug|Any CPU.Build.0 = Debug|Any CPU
		{E1FA0397-5549-4A3D-9D7F-35E38C215F68}.Debug|x64.ActiveCfg = Debug|Any CPU
		{E1FA0397-5549-4A3D-9D7F-35E38C215F68}.Debug|x64.Build.0 = Debug|Any CPU
		{E1FA0397-5549-4A3D-9D7F-35E38C215F68}.Debug|x86.ActiveCfg = Debug|Any CPU
		{E1FA0397-5549-4A3D-9D7F-35E38C215F68}.Debug|x86.Build.0 = Debug|Any CPU
		{E1FA0397-5549-4A3D-9D7F-35E38C215F68}.Release|Any CPU.ActiveCfg = Release|Any CPU
		{E1FA0397-5549-4A3D-9D7F-35E38C215F68}.Release|Any CPU.Build.0 = Release|Any CPU
		{E1FA0397-5549-4A3D-9D7F-35E38C215F68}.Release|x64.ActiveCfg = Release|Any CPU
		{E1FA0397-5549-4A3D-9D7F-35E38C215F68}.Release|x64.Build.0 = Release|Any CPU
		{E1FA0397-5549-4A3D-9D7F-35E38C215F68}.Release|x86.ActiveCfg = Release|Any CPU
		{E1FA0397-5549-4A3D-9D7F-35E38C215F68}.Release|x86.Build.0 = Release|Any CPU
		{F37259E3-3D04-4577-B512-965365A25410}.Debug|Any CPU.ActiveCfg = Debug|Any CPU
		{F37259E3-3D04-4577-B512-965365A25410}.Debug|Any CPU.Build.0 = Debug|Any CPU
		{F37259E3-3D04-4577-B512-965365A25410}.Debug|x64.ActiveCfg = Debug|Any CPU
		{F37259E3-3D04-4577-B512-965365A25410}.Debug|x64.Build.0 = Debug|Any CPU
		{F37259E3-3D04-4577-B512-965365A25410}.Debug|x86.ActiveCfg = Debug|Any CPU
		{F37259E3-3D04-4577-B512-965365A25410}.Debug|x86.Build.0 = Debug|Any CPU
		{F37259E3-3D04-4577-B512-965365A25410}.Release|Any CPU.ActiveCfg = Release|Any CPU
		{F37259E3-3D04-4577-B512-965365A25410}.Release|Any CPU.Build.0 = Release|Any CPU
		{F37259E3-3D04-4577-B512-965365A25410}.Release|x64.ActiveCfg = Release|Any CPU
		{F37259E3-3D04-4577-B512-965365A25410}.Release|x64.Build.0 = Release|Any CPU
		{F37259E3-3D04-4577-B512-965365A25410}.Release|x86.ActiveCfg = Release|Any CPU
		{F37259E3-3D04-4577-B512-965365A25410}.Release|x86.Build.0 = Release|Any CPU
		{CE1D133D-D545-49B3-8FFC-A16A03BBEF39}.Debug|Any CPU.ActiveCfg = Debug|Any CPU
		{CE1D133D-D545-49B3-8FFC-A16A03BBEF39}.Debug|Any CPU.Build.0 = Debug|Any CPU
		{CE1D133D-D545-49B3-8FFC-A16A03BBEF39}.Debug|x64.ActiveCfg = Debug|Any CPU
		{CE1D133D-D545-49B3-8FFC-A16A03BBEF39}.Debug|x64.Build.0 = Debug|Any CPU
		{CE1D133D-D545-49B3-8FFC-A16A03BBEF39}.Debug|x86.ActiveCfg = Debug|Any CPU
		{CE1D133D-D545-49B3-8FFC-A16A03BBEF39}.Debug|x86.Build.0 = Debug|Any CPU
		{CE1D133D-D545-49B3-8FFC-A16A03BBEF39}.Release|Any CPU.ActiveCfg = Release|Any CPU
		{CE1D133D-D545-49B3-8FFC-A16A03BBEF39}.Release|Any CPU.Build.0 = Release|Any CPU
		{CE1D133D-D545-49B3-8FFC-A16A03BBEF39}.Release|x64.ActiveCfg = Release|Any CPU
		{CE1D133D-D545-49B3-8FFC-A16A03BBEF39}.Release|x64.Build.0 = Release|Any CPU
		{CE1D133D-D545-49B3-8FFC-A16A03BBEF39}.Release|x86.ActiveCfg = Release|Any CPU
		{CE1D133D-D545-49B3-8FFC-A16A03BBEF39}.Release|x86.Build.0 = Release|Any CPU
		{4687F41B-8944-432B-BEB1-12EED9DCE000}.Debug|Any CPU.ActiveCfg = Debug|Any CPU
		{4687F41B-8944-432B-BEB1-12EED9DCE000}.Debug|Any CPU.Build.0 = Debug|Any CPU
		{4687F41B-8944-432B-BEB1-12EED9DCE000}.Debug|x64.ActiveCfg = Debug|Any CPU
		{4687F41B-8944-432B-BEB1-12EED9DCE000}.Debug|x64.Build.0 = Debug|Any CPU
		{4687F41B-8944-432B-BEB1-12EED9DCE000}.Debug|x86.ActiveCfg = Debug|Any CPU
		{4687F41B-8944-432B-BEB1-12EED9DCE000}.Debug|x86.Build.0 = Debug|Any CPU
		{4687F41B-8944-432B-BEB1-12EED9DCE000}.Release|Any CPU.ActiveCfg = Release|Any CPU
		{4687F41B-8944-432B-BEB1-12EED9DCE000}.Release|Any CPU.Build.0 = Release|Any CPU
		{4687F41B-8944-432B-BEB1-12EED9DCE000}.Release|x64.ActiveCfg = Release|Any CPU
		{4687F41B-8944-432B-BEB1-12EED9DCE000}.Release|x64.Build.0 = Release|Any CPU
		{4687F41B-8944-432B-BEB1-12EED9DCE000}.Release|x86.ActiveCfg = Release|Any CPU
		{4687F41B-8944-432B-BEB1-12EED9DCE000}.Release|x86.Build.0 = Release|Any CPU
		{F93EEEC0-713D-47EB-ACD2-336F86D28A4F}.Debug|Any CPU.ActiveCfg = Debug|Any CPU
		{F93EEEC0-713D-47EB-ACD2-336F86D28A4F}.Debug|Any CPU.Build.0 = Debug|Any CPU
		{F93EEEC0-713D-47EB-ACD2-336F86D28A4F}.Debug|x64.ActiveCfg = Debug|Any CPU
		{F93EEEC0-713D-47EB-ACD2-336F86D28A4F}.Debug|x64.Build.0 = Debug|Any CPU
		{F93EEEC0-713D-47EB-ACD2-336F86D28A4F}.Debug|x86.ActiveCfg = Debug|Any CPU
		{F93EEEC0-713D-47EB-ACD2-336F86D28A4F}.Debug|x86.Build.0 = Debug|Any CPU
		{F93EEEC0-713D-47EB-ACD2-336F86D28A4F}.Release|Any CPU.ActiveCfg = Release|Any CPU
		{F93EEEC0-713D-47EB-ACD2-336F86D28A4F}.Release|Any CPU.Build.0 = Release|Any CPU
		{F93EEEC0-713D-47EB-ACD2-336F86D28A4F}.Release|x64.ActiveCfg = Release|Any CPU
		{F93EEEC0-713D-47EB-ACD2-336F86D28A4F}.Release|x64.Build.0 = Release|Any CPU
		{F93EEEC0-713D-47EB-ACD2-336F86D28A4F}.Release|x86.ActiveCfg = Release|Any CPU
		{F93EEEC0-713D-47EB-ACD2-336F86D28A4F}.Release|x86.Build.0 = Release|Any CPU
		{26E10954-5B8C-41B3-9E53-FC8BF15372C6}.Debug|Any CPU.ActiveCfg = Debug|Any CPU
		{26E10954-5B8C-41B3-9E53-FC8BF15372C6}.Debug|Any CPU.Build.0 = Debug|Any CPU
		{26E10954-5B8C-41B3-9E53-FC8BF15372C6}.Debug|x64.ActiveCfg = Debug|Any CPU
		{26E10954-5B8C-41B3-9E53-FC8BF15372C6}.Debug|x64.Build.0 = Debug|Any CPU
		{26E10954-5B8C-41B3-9E53-FC8BF15372C6}.Debug|x86.ActiveCfg = Debug|Any CPU
		{26E10954-5B8C-41B3-9E53-FC8BF15372C6}.Debug|x86.Build.0 = Debug|Any CPU
		{26E10954-5B8C-41B3-9E53-FC8BF15372C6}.Release|Any CPU.ActiveCfg = Release|Any CPU
		{26E10954-5B8C-41B3-9E53-FC8BF15372C6}.Release|Any CPU.Build.0 = Release|Any CPU
		{26E10954-5B8C-41B3-9E53-FC8BF15372C6}.Release|x64.ActiveCfg = Release|Any CPU
		{26E10954-5B8C-41B3-9E53-FC8BF15372C6}.Release|x64.Build.0 = Release|Any CPU
		{26E10954-5B8C-41B3-9E53-FC8BF15372C6}.Release|x86.ActiveCfg = Release|Any CPU
		{26E10954-5B8C-41B3-9E53-FC8BF15372C6}.Release|x86.Build.0 = Release|Any CPU
		{A08EA7E9-7BFD-4C82-9CC8-C96914CF2B90}.Debug|Any CPU.ActiveCfg = Debug|Any CPU
		{A08EA7E9-7BFD-4C82-9CC8-C96914CF2B90}.Debug|Any CPU.Build.0 = Debug|Any CPU
		{A08EA7E9-7BFD-4C82-9CC8-C96914CF2B90}.Debug|x64.ActiveCfg = Debug|Any CPU
		{A08EA7E9-7BFD-4C82-9CC8-C96914CF2B90}.Debug|x64.Build.0 = Debug|Any CPU
		{A08EA7E9-7BFD-4C82-9CC8-C96914CF2B90}.Debug|x86.ActiveCfg = Debug|Any CPU
		{A08EA7E9-7BFD-4C82-9CC8-C96914CF2B90}.Debug|x86.Build.0 = Debug|Any CPU
		{A08EA7E9-7BFD-4C82-9CC8-C96914CF2B90}.Release|Any CPU.ActiveCfg = Release|Any CPU
		{A08EA7E9-7BFD-4C82-9CC8-C96914CF2B90}.Release|Any CPU.Build.0 = Release|Any CPU
		{A08EA7E9-7BFD-4C82-9CC8-C96914CF2B90}.Release|x64.ActiveCfg = Release|Any CPU
		{A08EA7E9-7BFD-4C82-9CC8-C96914CF2B90}.Release|x64.Build.0 = Release|Any CPU
		{A08EA7E9-7BFD-4C82-9CC8-C96914CF2B90}.Release|x86.ActiveCfg = Release|Any CPU
		{A08EA7E9-7BFD-4C82-9CC8-C96914CF2B90}.Release|x86.Build.0 = Release|Any CPU
		{AA3A0BFF-EDEC-4E47-8C9D-F74304EDC2C9}.Debug|Any CPU.ActiveCfg = Debug|Any CPU
		{AA3A0BFF-EDEC-4E47-8C9D-F74304EDC2C9}.Debug|Any CPU.Build.0 = Debug|Any CPU
		{AA3A0BFF-EDEC-4E47-8C9D-F74304EDC2C9}.Debug|x64.ActiveCfg = Debug|Any CPU
		{AA3A0BFF-EDEC-4E47-8C9D-F74304EDC2C9}.Debug|x64.Build.0 = Debug|Any CPU
		{AA3A0BFF-EDEC-4E47-8C9D-F74304EDC2C9}.Debug|x86.ActiveCfg = Debug|Any CPU
		{AA3A0BFF-EDEC-4E47-8C9D-F74304EDC2C9}.Debug|x86.Build.0 = Debug|Any CPU
		{AA3A0BFF-EDEC-4E47-8C9D-F74304EDC2C9}.Release|Any CPU.ActiveCfg = Release|Any CPU
		{AA3A0BFF-EDEC-4E47-8C9D-F74304EDC2C9}.Release|Any CPU.Build.0 = Release|Any CPU
		{AA3A0BFF-EDEC-4E47-8C9D-F74304EDC2C9}.Release|x64.ActiveCfg = Release|Any CPU
		{AA3A0BFF-EDEC-4E47-8C9D-F74304EDC2C9}.Release|x64.Build.0 = Release|Any CPU
		{AA3A0BFF-EDEC-4E47-8C9D-F74304EDC2C9}.Release|x86.ActiveCfg = Release|Any CPU
		{AA3A0BFF-EDEC-4E47-8C9D-F74304EDC2C9}.Release|x86.Build.0 = Release|Any CPU
		{BBB75903-5720-4A4A-8CF8-A62C063E77FB}.Debug|Any CPU.ActiveCfg = Debug|Any CPU
		{BBB75903-5720-4A4A-8CF8-A62C063E77FB}.Debug|Any CPU.Build.0 = Debug|Any CPU
		{BBB75903-5720-4A4A-8CF8-A62C063E77FB}.Debug|x64.ActiveCfg = Debug|Any CPU
		{BBB75903-5720-4A4A-8CF8-A62C063E77FB}.Debug|x64.Build.0 = Debug|Any CPU
		{BBB75903-5720-4A4A-8CF8-A62C063E77FB}.Debug|x86.ActiveCfg = Debug|Any CPU
		{BBB75903-5720-4A4A-8CF8-A62C063E77FB}.Debug|x86.Build.0 = Debug|Any CPU
		{BBB75903-5720-4A4A-8CF8-A62C063E77FB}.Release|Any CPU.ActiveCfg = Release|Any CPU
		{BBB75903-5720-4A4A-8CF8-A62C063E77FB}.Release|Any CPU.Build.0 = Release|Any CPU
		{BBB75903-5720-4A4A-8CF8-A62C063E77FB}.Release|x64.ActiveCfg = Release|Any CPU
		{BBB75903-5720-4A4A-8CF8-A62C063E77FB}.Release|x64.Build.0 = Release|Any CPU
		{BBB75903-5720-4A4A-8CF8-A62C063E77FB}.Release|x86.ActiveCfg = Release|Any CPU
		{BBB75903-5720-4A4A-8CF8-A62C063E77FB}.Release|x86.Build.0 = Release|Any CPU
		{A5BBA407-1A59-48E1-AFD5-D29B56FF0C77}.Debug|Any CPU.ActiveCfg = Debug|Any CPU
		{A5BBA407-1A59-48E1-AFD5-D29B56FF0C77}.Debug|Any CPU.Build.0 = Debug|Any CPU
		{A5BBA407-1A59-48E1-AFD5-D29B56FF0C77}.Debug|x64.ActiveCfg = Debug|Any CPU
		{A5BBA407-1A59-48E1-AFD5-D29B56FF0C77}.Debug|x64.Build.0 = Debug|Any CPU
		{A5BBA407-1A59-48E1-AFD5-D29B56FF0C77}.Debug|x86.ActiveCfg = Debug|Any CPU
		{A5BBA407-1A59-48E1-AFD5-D29B56FF0C77}.Debug|x86.Build.0 = Debug|Any CPU
		{A5BBA407-1A59-48E1-AFD5-D29B56FF0C77}.Release|Any CPU.ActiveCfg = Release|Any CPU
		{A5BBA407-1A59-48E1-AFD5-D29B56FF0C77}.Release|Any CPU.Build.0 = Release|Any CPU
		{A5BBA407-1A59-48E1-AFD5-D29B56FF0C77}.Release|x64.ActiveCfg = Release|Any CPU
		{A5BBA407-1A59-48E1-AFD5-D29B56FF0C77}.Release|x64.Build.0 = Release|Any CPU
		{A5BBA407-1A59-48E1-AFD5-D29B56FF0C77}.Release|x86.ActiveCfg = Release|Any CPU
		{A5BBA407-1A59-48E1-AFD5-D29B56FF0C77}.Release|x86.Build.0 = Release|Any CPU
		{066E0A9E-1809-4B44-A969-F78549C39205}.Debug|Any CPU.ActiveCfg = Debug|Any CPU
		{066E0A9E-1809-4B44-A969-F78549C39205}.Debug|Any CPU.Build.0 = Debug|Any CPU
		{066E0A9E-1809-4B44-A969-F78549C39205}.Debug|x64.ActiveCfg = Debug|Any CPU
		{066E0A9E-1809-4B44-A969-F78549C39205}.Debug|x64.Build.0 = Debug|Any CPU
		{066E0A9E-1809-4B44-A969-F78549C39205}.Debug|x86.ActiveCfg = Debug|Any CPU
		{066E0A9E-1809-4B44-A969-F78549C39205}.Debug|x86.Build.0 = Debug|Any CPU
		{066E0A9E-1809-4B44-A969-F78549C39205}.Release|Any CPU.ActiveCfg = Release|Any CPU
		{066E0A9E-1809-4B44-A969-F78549C39205}.Release|Any CPU.Build.0 = Release|Any CPU
		{066E0A9E-1809-4B44-A969-F78549C39205}.Release|x64.ActiveCfg = Release|Any CPU
		{066E0A9E-1809-4B44-A969-F78549C39205}.Release|x64.Build.0 = Release|Any CPU
		{066E0A9E-1809-4B44-A969-F78549C39205}.Release|x86.ActiveCfg = Release|Any CPU
		{066E0A9E-1809-4B44-A969-F78549C39205}.Release|x86.Build.0 = Release|Any CPU
		{9EBADB36-E52C-43B1-ABDE-9D4B2D2A1C81}.Debug|Any CPU.ActiveCfg = Debug|Any CPU
		{9EBADB36-E52C-43B1-ABDE-9D4B2D2A1C81}.Debug|Any CPU.Build.0 = Debug|Any CPU
		{9EBADB36-E52C-43B1-ABDE-9D4B2D2A1C81}.Debug|x64.ActiveCfg = Debug|Any CPU
		{9EBADB36-E52C-43B1-ABDE-9D4B2D2A1C81}.Debug|x64.Build.0 = Debug|Any CPU
		{9EBADB36-E52C-43B1-ABDE-9D4B2D2A1C81}.Debug|x86.ActiveCfg = Debug|Any CPU
		{9EBADB36-E52C-43B1-ABDE-9D4B2D2A1C81}.Debug|x86.Build.0 = Debug|Any CPU
		{9EBADB36-E52C-43B1-ABDE-9D4B2D2A1C81}.Release|Any CPU.ActiveCfg = Release|Any CPU
		{9EBADB36-E52C-43B1-ABDE-9D4B2D2A1C81}.Release|Any CPU.Build.0 = Release|Any CPU
		{9EBADB36-E52C-43B1-ABDE-9D4B2D2A1C81}.Release|x64.ActiveCfg = Release|Any CPU
		{9EBADB36-E52C-43B1-ABDE-9D4B2D2A1C81}.Release|x64.Build.0 = Release|Any CPU
		{9EBADB36-E52C-43B1-ABDE-9D4B2D2A1C81}.Release|x86.ActiveCfg = Release|Any CPU
		{9EBADB36-E52C-43B1-ABDE-9D4B2D2A1C81}.Release|x86.Build.0 = Release|Any CPU
		{6795505A-1EB8-406A-AB7A-9C9698672AE2}.Debug|Any CPU.ActiveCfg = Debug|Any CPU
		{6795505A-1EB8-406A-AB7A-9C9698672AE2}.Debug|Any CPU.Build.0 = Debug|Any CPU
		{6795505A-1EB8-406A-AB7A-9C9698672AE2}.Debug|x64.ActiveCfg = Debug|Any CPU
		{6795505A-1EB8-406A-AB7A-9C9698672AE2}.Debug|x64.Build.0 = Debug|Any CPU
		{6795505A-1EB8-406A-AB7A-9C9698672AE2}.Debug|x86.ActiveCfg = Debug|Any CPU
		{6795505A-1EB8-406A-AB7A-9C9698672AE2}.Debug|x86.Build.0 = Debug|Any CPU
		{6795505A-1EB8-406A-AB7A-9C9698672AE2}.Release|Any CPU.ActiveCfg = Release|Any CPU
		{6795505A-1EB8-406A-AB7A-9C9698672AE2}.Release|Any CPU.Build.0 = Release|Any CPU
		{6795505A-1EB8-406A-AB7A-9C9698672AE2}.Release|x64.ActiveCfg = Release|Any CPU
		{6795505A-1EB8-406A-AB7A-9C9698672AE2}.Release|x64.Build.0 = Release|Any CPU
		{6795505A-1EB8-406A-AB7A-9C9698672AE2}.Release|x86.ActiveCfg = Release|Any CPU
		{6795505A-1EB8-406A-AB7A-9C9698672AE2}.Release|x86.Build.0 = Release|Any CPU
		{6CC330A5-D05F-4A2F-8011-D486CC2F69B5}.Debug|Any CPU.ActiveCfg = Debug|Any CPU
		{6CC330A5-D05F-4A2F-8011-D486CC2F69B5}.Debug|Any CPU.Build.0 = Debug|Any CPU
		{6CC330A5-D05F-4A2F-8011-D486CC2F69B5}.Debug|x64.ActiveCfg = Debug|Any CPU
		{6CC330A5-D05F-4A2F-8011-D486CC2F69B5}.Debug|x64.Build.0 = Debug|Any CPU
		{6CC330A5-D05F-4A2F-8011-D486CC2F69B5}.Debug|x86.ActiveCfg = Debug|Any CPU
		{6CC330A5-D05F-4A2F-8011-D486CC2F69B5}.Debug|x86.Build.0 = Debug|Any CPU
		{6CC330A5-D05F-4A2F-8011-D486CC2F69B5}.Release|Any CPU.ActiveCfg = Release|Any CPU
		{6CC330A5-D05F-4A2F-8011-D486CC2F69B5}.Release|Any CPU.Build.0 = Release|Any CPU
		{6CC330A5-D05F-4A2F-8011-D486CC2F69B5}.Release|x64.ActiveCfg = Release|Any CPU
		{6CC330A5-D05F-4A2F-8011-D486CC2F69B5}.Release|x64.Build.0 = Release|Any CPU
		{6CC330A5-D05F-4A2F-8011-D486CC2F69B5}.Release|x86.ActiveCfg = Release|Any CPU
		{6CC330A5-D05F-4A2F-8011-D486CC2F69B5}.Release|x86.Build.0 = Release|Any CPU
		{83694AC7-24A4-4A5C-9658-826519C62ECA}.Debug|Any CPU.ActiveCfg = Debug|Any CPU
		{83694AC7-24A4-4A5C-9658-826519C62ECA}.Debug|Any CPU.Build.0 = Debug|Any CPU
		{83694AC7-24A4-4A5C-9658-826519C62ECA}.Debug|x64.ActiveCfg = Debug|Any CPU
		{83694AC7-24A4-4A5C-9658-826519C62ECA}.Debug|x64.Build.0 = Debug|Any CPU
		{83694AC7-24A4-4A5C-9658-826519C62ECA}.Debug|x86.ActiveCfg = Debug|Any CPU
		{83694AC7-24A4-4A5C-9658-826519C62ECA}.Debug|x86.Build.0 = Debug|Any CPU
		{83694AC7-24A4-4A5C-9658-826519C62ECA}.Release|Any CPU.ActiveCfg = Release|Any CPU
		{83694AC7-24A4-4A5C-9658-826519C62ECA}.Release|Any CPU.Build.0 = Release|Any CPU
		{83694AC7-24A4-4A5C-9658-826519C62ECA}.Release|x64.ActiveCfg = Release|Any CPU
		{83694AC7-24A4-4A5C-9658-826519C62ECA}.Release|x64.Build.0 = Release|Any CPU
		{83694AC7-24A4-4A5C-9658-826519C62ECA}.Release|x86.ActiveCfg = Release|Any CPU
		{83694AC7-24A4-4A5C-9658-826519C62ECA}.Release|x86.Build.0 = Release|Any CPU
		{BA5B3AB0-D57C-4984-A6F6-833ACAADE977}.Debug|Any CPU.ActiveCfg = Debug|Any CPU
		{BA5B3AB0-D57C-4984-A6F6-833ACAADE977}.Debug|Any CPU.Build.0 = Debug|Any CPU
		{BA5B3AB0-D57C-4984-A6F6-833ACAADE977}.Debug|x64.ActiveCfg = Debug|Any CPU
		{BA5B3AB0-D57C-4984-A6F6-833ACAADE977}.Debug|x64.Build.0 = Debug|Any CPU
		{BA5B3AB0-D57C-4984-A6F6-833ACAADE977}.Debug|x86.ActiveCfg = Debug|Any CPU
		{BA5B3AB0-D57C-4984-A6F6-833ACAADE977}.Debug|x86.Build.0 = Debug|Any CPU
		{BA5B3AB0-D57C-4984-A6F6-833ACAADE977}.Release|Any CPU.ActiveCfg = Release|Any CPU
		{BA5B3AB0-D57C-4984-A6F6-833ACAADE977}.Release|Any CPU.Build.0 = Release|Any CPU
		{BA5B3AB0-D57C-4984-A6F6-833ACAADE977}.Release|x64.ActiveCfg = Release|Any CPU
		{BA5B3AB0-D57C-4984-A6F6-833ACAADE977}.Release|x64.Build.0 = Release|Any CPU
		{BA5B3AB0-D57C-4984-A6F6-833ACAADE977}.Release|x86.ActiveCfg = Release|Any CPU
		{BA5B3AB0-D57C-4984-A6F6-833ACAADE977}.Release|x86.Build.0 = Release|Any CPU
		{C45EDD6C-1359-407C-8A6F-B600443C01ED}.Debug|Any CPU.ActiveCfg = Debug|Any CPU
		{C45EDD6C-1359-407C-8A6F-B600443C01ED}.Debug|Any CPU.Build.0 = Debug|Any CPU
		{C45EDD6C-1359-407C-8A6F-B600443C01ED}.Debug|x64.ActiveCfg = Debug|Any CPU
		{C45EDD6C-1359-407C-8A6F-B600443C01ED}.Debug|x64.Build.0 = Debug|Any CPU
		{C45EDD6C-1359-407C-8A6F-B600443C01ED}.Debug|x86.ActiveCfg = Debug|Any CPU
		{C45EDD6C-1359-407C-8A6F-B600443C01ED}.Debug|x86.Build.0 = Debug|Any CPU
		{C45EDD6C-1359-407C-8A6F-B600443C01ED}.Release|Any CPU.ActiveCfg = Release|Any CPU
		{C45EDD6C-1359-407C-8A6F-B600443C01ED}.Release|Any CPU.Build.0 = Release|Any CPU
		{C45EDD6C-1359-407C-8A6F-B600443C01ED}.Release|x64.ActiveCfg = Release|Any CPU
		{C45EDD6C-1359-407C-8A6F-B600443C01ED}.Release|x64.Build.0 = Release|Any CPU
		{C45EDD6C-1359-407C-8A6F-B600443C01ED}.Release|x86.ActiveCfg = Release|Any CPU
		{C45EDD6C-1359-407C-8A6F-B600443C01ED}.Release|x86.Build.0 = Release|Any CPU
		{9A95D2AB-99E1-4A15-9F81-F03C126155C2}.Debug|Any CPU.ActiveCfg = Debug|Any CPU
		{9A95D2AB-99E1-4A15-9F81-F03C126155C2}.Debug|Any CPU.Build.0 = Debug|Any CPU
		{9A95D2AB-99E1-4A15-9F81-F03C126155C2}.Debug|x64.ActiveCfg = Debug|Any CPU
		{9A95D2AB-99E1-4A15-9F81-F03C126155C2}.Debug|x64.Build.0 = Debug|Any CPU
		{9A95D2AB-99E1-4A15-9F81-F03C126155C2}.Debug|x86.ActiveCfg = Debug|Any CPU
		{9A95D2AB-99E1-4A15-9F81-F03C126155C2}.Debug|x86.Build.0 = Debug|Any CPU
		{9A95D2AB-99E1-4A15-9F81-F03C126155C2}.Release|Any CPU.ActiveCfg = Release|Any CPU
		{9A95D2AB-99E1-4A15-9F81-F03C126155C2}.Release|Any CPU.Build.0 = Release|Any CPU
		{9A95D2AB-99E1-4A15-9F81-F03C126155C2}.Release|x64.ActiveCfg = Release|Any CPU
		{9A95D2AB-99E1-4A15-9F81-F03C126155C2}.Release|x64.Build.0 = Release|Any CPU
		{9A95D2AB-99E1-4A15-9F81-F03C126155C2}.Release|x86.ActiveCfg = Release|Any CPU
		{9A95D2AB-99E1-4A15-9F81-F03C126155C2}.Release|x86.Build.0 = Release|Any CPU
		{78D6E376-2CDE-42B1-BCCB-1CB3B568203E}.Debug|Any CPU.ActiveCfg = Debug|Any CPU
		{78D6E376-2CDE-42B1-BCCB-1CB3B568203E}.Debug|Any CPU.Build.0 = Debug|Any CPU
		{78D6E376-2CDE-42B1-BCCB-1CB3B568203E}.Debug|x64.ActiveCfg = Debug|Any CPU
		{78D6E376-2CDE-42B1-BCCB-1CB3B568203E}.Debug|x64.Build.0 = Debug|Any CPU
		{78D6E376-2CDE-42B1-BCCB-1CB3B568203E}.Debug|x86.ActiveCfg = Debug|Any CPU
		{78D6E376-2CDE-42B1-BCCB-1CB3B568203E}.Debug|x86.Build.0 = Debug|Any CPU
		{78D6E376-2CDE-42B1-BCCB-1CB3B568203E}.Release|Any CPU.ActiveCfg = Release|Any CPU
		{78D6E376-2CDE-42B1-BCCB-1CB3B568203E}.Release|Any CPU.Build.0 = Release|Any CPU
		{78D6E376-2CDE-42B1-BCCB-1CB3B568203E}.Release|x64.ActiveCfg = Release|Any CPU
		{78D6E376-2CDE-42B1-BCCB-1CB3B568203E}.Release|x64.Build.0 = Release|Any CPU
		{78D6E376-2CDE-42B1-BCCB-1CB3B568203E}.Release|x86.ActiveCfg = Release|Any CPU
		{78D6E376-2CDE-42B1-BCCB-1CB3B568203E}.Release|x86.Build.0 = Release|Any CPU
		{CF74FE6A-B00B-4FE7-9058-060CBF7F3219}.Debug|Any CPU.ActiveCfg = Debug|Any CPU
		{CF74FE6A-B00B-4FE7-9058-060CBF7F3219}.Debug|Any CPU.Build.0 = Debug|Any CPU
		{CF74FE6A-B00B-4FE7-9058-060CBF7F3219}.Debug|x64.ActiveCfg = Debug|Any CPU
		{CF74FE6A-B00B-4FE7-9058-060CBF7F3219}.Debug|x64.Build.0 = Debug|Any CPU
		{CF74FE6A-B00B-4FE7-9058-060CBF7F3219}.Debug|x86.ActiveCfg = Debug|Any CPU
		{CF74FE6A-B00B-4FE7-9058-060CBF7F3219}.Debug|x86.Build.0 = Debug|Any CPU
		{CF74FE6A-B00B-4FE7-9058-060CBF7F3219}.Release|Any CPU.ActiveCfg = Release|Any CPU
		{CF74FE6A-B00B-4FE7-9058-060CBF7F3219}.Release|Any CPU.Build.0 = Release|Any CPU
		{CF74FE6A-B00B-4FE7-9058-060CBF7F3219}.Release|x64.ActiveCfg = Release|Any CPU
		{CF74FE6A-B00B-4FE7-9058-060CBF7F3219}.Release|x64.Build.0 = Release|Any CPU
		{CF74FE6A-B00B-4FE7-9058-060CBF7F3219}.Release|x86.ActiveCfg = Release|Any CPU
		{CF74FE6A-B00B-4FE7-9058-060CBF7F3219}.Release|x86.Build.0 = Release|Any CPU
		{76776AC4-A635-438C-B595-38AA37FBBF26}.Debug|Any CPU.ActiveCfg = Debug|Any CPU
		{76776AC4-A635-438C-B595-38AA37FBBF26}.Debug|Any CPU.Build.0 = Debug|Any CPU
		{76776AC4-A635-438C-B595-38AA37FBBF26}.Debug|x64.ActiveCfg = Debug|Any CPU
		{76776AC4-A635-438C-B595-38AA37FBBF26}.Debug|x64.Build.0 = Debug|Any CPU
		{76776AC4-A635-438C-B595-38AA37FBBF26}.Debug|x86.ActiveCfg = Debug|Any CPU
		{76776AC4-A635-438C-B595-38AA37FBBF26}.Debug|x86.Build.0 = Debug|Any CPU
		{76776AC4-A635-438C-B595-38AA37FBBF26}.Release|Any CPU.ActiveCfg = Release|Any CPU
		{76776AC4-A635-438C-B595-38AA37FBBF26}.Release|Any CPU.Build.0 = Release|Any CPU
		{76776AC4-A635-438C-B595-38AA37FBBF26}.Release|x64.ActiveCfg = Release|Any CPU
		{76776AC4-A635-438C-B595-38AA37FBBF26}.Release|x64.Build.0 = Release|Any CPU
		{76776AC4-A635-438C-B595-38AA37FBBF26}.Release|x86.ActiveCfg = Release|Any CPU
		{76776AC4-A635-438C-B595-38AA37FBBF26}.Release|x86.Build.0 = Release|Any CPU
		{DD9A04C8-FEE3-47BD-8599-7681C69B08F3}.Debug|Any CPU.ActiveCfg = Debug|Any CPU
		{DD9A04C8-FEE3-47BD-8599-7681C69B08F3}.Debug|Any CPU.Build.0 = Debug|Any CPU
		{DD9A04C8-FEE3-47BD-8599-7681C69B08F3}.Debug|x64.ActiveCfg = Debug|Any CPU
		{DD9A04C8-FEE3-47BD-8599-7681C69B08F3}.Debug|x64.Build.0 = Debug|Any CPU
		{DD9A04C8-FEE3-47BD-8599-7681C69B08F3}.Debug|x86.ActiveCfg = Debug|Any CPU
		{DD9A04C8-FEE3-47BD-8599-7681C69B08F3}.Debug|x86.Build.0 = Debug|Any CPU
		{DD9A04C8-FEE3-47BD-8599-7681C69B08F3}.Release|Any CPU.ActiveCfg = Release|Any CPU
		{DD9A04C8-FEE3-47BD-8599-7681C69B08F3}.Release|Any CPU.Build.0 = Release|Any CPU
		{DD9A04C8-FEE3-47BD-8599-7681C69B08F3}.Release|x64.ActiveCfg = Release|Any CPU
		{DD9A04C8-FEE3-47BD-8599-7681C69B08F3}.Release|x64.Build.0 = Release|Any CPU
		{DD9A04C8-FEE3-47BD-8599-7681C69B08F3}.Release|x86.ActiveCfg = Release|Any CPU
		{DD9A04C8-FEE3-47BD-8599-7681C69B08F3}.Release|x86.Build.0 = Release|Any CPU
		{414BDD87-D2FC-40A9-BBFC-9A6373CF3B5B}.Debug|Any CPU.ActiveCfg = Debug|Any CPU
		{414BDD87-D2FC-40A9-BBFC-9A6373CF3B5B}.Debug|Any CPU.Build.0 = Debug|Any CPU
		{414BDD87-D2FC-40A9-BBFC-9A6373CF3B5B}.Debug|x64.ActiveCfg = Debug|Any CPU
		{414BDD87-D2FC-40A9-BBFC-9A6373CF3B5B}.Debug|x64.Build.0 = Debug|Any CPU
		{414BDD87-D2FC-40A9-BBFC-9A6373CF3B5B}.Debug|x86.ActiveCfg = Debug|Any CPU
		{414BDD87-D2FC-40A9-BBFC-9A6373CF3B5B}.Debug|x86.Build.0 = Debug|Any CPU
		{414BDD87-D2FC-40A9-BBFC-9A6373CF3B5B}.Release|Any CPU.ActiveCfg = Release|Any CPU
		{414BDD87-D2FC-40A9-BBFC-9A6373CF3B5B}.Release|Any CPU.Build.0 = Release|Any CPU
		{414BDD87-D2FC-40A9-BBFC-9A6373CF3B5B}.Release|x64.ActiveCfg = Release|Any CPU
		{414BDD87-D2FC-40A9-BBFC-9A6373CF3B5B}.Release|x64.Build.0 = Release|Any CPU
		{414BDD87-D2FC-40A9-BBFC-9A6373CF3B5B}.Release|x86.ActiveCfg = Release|Any CPU
		{414BDD87-D2FC-40A9-BBFC-9A6373CF3B5B}.Release|x86.Build.0 = Release|Any CPU
		{E5DCA38E-7F3D-4BE9-89C1-DE6CD0417C5B}.Debug|Any CPU.ActiveCfg = Debug|Any CPU
		{E5DCA38E-7F3D-4BE9-89C1-DE6CD0417C5B}.Debug|Any CPU.Build.0 = Debug|Any CPU
		{E5DCA38E-7F3D-4BE9-89C1-DE6CD0417C5B}.Debug|x64.ActiveCfg = Debug|Any CPU
		{E5DCA38E-7F3D-4BE9-89C1-DE6CD0417C5B}.Debug|x64.Build.0 = Debug|Any CPU
		{E5DCA38E-7F3D-4BE9-89C1-DE6CD0417C5B}.Debug|x86.ActiveCfg = Debug|Any CPU
		{E5DCA38E-7F3D-4BE9-89C1-DE6CD0417C5B}.Debug|x86.Build.0 = Debug|Any CPU
		{E5DCA38E-7F3D-4BE9-89C1-DE6CD0417C5B}.Release|Any CPU.ActiveCfg = Release|Any CPU
		{E5DCA38E-7F3D-4BE9-89C1-DE6CD0417C5B}.Release|Any CPU.Build.0 = Release|Any CPU
		{E5DCA38E-7F3D-4BE9-89C1-DE6CD0417C5B}.Release|x64.ActiveCfg = Release|Any CPU
		{E5DCA38E-7F3D-4BE9-89C1-DE6CD0417C5B}.Release|x64.Build.0 = Release|Any CPU
		{E5DCA38E-7F3D-4BE9-89C1-DE6CD0417C5B}.Release|x86.ActiveCfg = Release|Any CPU
		{E5DCA38E-7F3D-4BE9-89C1-DE6CD0417C5B}.Release|x86.Build.0 = Release|Any CPU
		{C57B12C3-C301-409A-AD17-869F81B6173D}.Debug|Any CPU.ActiveCfg = Debug|Any CPU
		{C57B12C3-C301-409A-AD17-869F81B6173D}.Debug|Any CPU.Build.0 = Debug|Any CPU
		{C57B12C3-C301-409A-AD17-869F81B6173D}.Debug|x64.ActiveCfg = Debug|Any CPU
		{C57B12C3-C301-409A-AD17-869F81B6173D}.Debug|x64.Build.0 = Debug|Any CPU
		{C57B12C3-C301-409A-AD17-869F81B6173D}.Debug|x86.ActiveCfg = Debug|Any CPU
		{C57B12C3-C301-409A-AD17-869F81B6173D}.Debug|x86.Build.0 = Debug|Any CPU
		{C57B12C3-C301-409A-AD17-869F81B6173D}.Release|Any CPU.ActiveCfg = Release|Any CPU
		{C57B12C3-C301-409A-AD17-869F81B6173D}.Release|Any CPU.Build.0 = Release|Any CPU
		{C57B12C3-C301-409A-AD17-869F81B6173D}.Release|x64.ActiveCfg = Release|Any CPU
		{C57B12C3-C301-409A-AD17-869F81B6173D}.Release|x64.Build.0 = Release|Any CPU
		{C57B12C3-C301-409A-AD17-869F81B6173D}.Release|x86.ActiveCfg = Release|Any CPU
		{C57B12C3-C301-409A-AD17-869F81B6173D}.Release|x86.Build.0 = Release|Any CPU
		{6879396F-6B5C-48C9-9A82-C8487D8EBE93}.Debug|Any CPU.ActiveCfg = Debug|Any CPU
		{6879396F-6B5C-48C9-9A82-C8487D8EBE93}.Debug|Any CPU.Build.0 = Debug|Any CPU
		{6879396F-6B5C-48C9-9A82-C8487D8EBE93}.Debug|x64.ActiveCfg = Debug|Any CPU
		{6879396F-6B5C-48C9-9A82-C8487D8EBE93}.Debug|x64.Build.0 = Debug|Any CPU
		{6879396F-6B5C-48C9-9A82-C8487D8EBE93}.Debug|x86.ActiveCfg = Debug|Any CPU
		{6879396F-6B5C-48C9-9A82-C8487D8EBE93}.Debug|x86.Build.0 = Debug|Any CPU
		{6879396F-6B5C-48C9-9A82-C8487D8EBE93}.Release|Any CPU.ActiveCfg = Release|Any CPU
		{6879396F-6B5C-48C9-9A82-C8487D8EBE93}.Release|Any CPU.Build.0 = Release|Any CPU
		{6879396F-6B5C-48C9-9A82-C8487D8EBE93}.Release|x64.ActiveCfg = Release|Any CPU
		{6879396F-6B5C-48C9-9A82-C8487D8EBE93}.Release|x64.Build.0 = Release|Any CPU
		{6879396F-6B5C-48C9-9A82-C8487D8EBE93}.Release|x86.ActiveCfg = Release|Any CPU
		{6879396F-6B5C-48C9-9A82-C8487D8EBE93}.Release|x86.Build.0 = Release|Any CPU
		{807CACB1-CD7A-49A8-8373-50D8C92CF2DC}.Debug|Any CPU.ActiveCfg = Debug|Any CPU
		{807CACB1-CD7A-49A8-8373-50D8C92CF2DC}.Debug|Any CPU.Build.0 = Debug|Any CPU
		{807CACB1-CD7A-49A8-8373-50D8C92CF2DC}.Debug|x64.ActiveCfg = Debug|Any CPU
		{807CACB1-CD7A-49A8-8373-50D8C92CF2DC}.Debug|x64.Build.0 = Debug|Any CPU
		{807CACB1-CD7A-49A8-8373-50D8C92CF2DC}.Debug|x86.ActiveCfg = Debug|Any CPU
		{807CACB1-CD7A-49A8-8373-50D8C92CF2DC}.Debug|x86.Build.0 = Debug|Any CPU
		{807CACB1-CD7A-49A8-8373-50D8C92CF2DC}.Release|Any CPU.ActiveCfg = Release|Any CPU
		{807CACB1-CD7A-49A8-8373-50D8C92CF2DC}.Release|Any CPU.Build.0 = Release|Any CPU
		{807CACB1-CD7A-49A8-8373-50D8C92CF2DC}.Release|x64.ActiveCfg = Release|Any CPU
		{807CACB1-CD7A-49A8-8373-50D8C92CF2DC}.Release|x64.Build.0 = Release|Any CPU
		{807CACB1-CD7A-49A8-8373-50D8C92CF2DC}.Release|x86.ActiveCfg = Release|Any CPU
		{807CACB1-CD7A-49A8-8373-50D8C92CF2DC}.Release|x86.Build.0 = Release|Any CPU
	EndGlobalSection
	GlobalSection(SolutionProperties) = preSolution
		HideSolutionNode = FALSE
	EndGlobalSection
	GlobalSection(NestedProjects) = preSolution
		{2F202E08-B515-4933-B934-D73B936648E2} = {827E0CD3-B72D-47B6-A68D-7590B98EB39B}
		{282EAAC6-9AA1-4182-968B-4E7304D46BA5} = {827E0CD3-B72D-47B6-A68D-7590B98EB39B}
		{D7D0C96A-5A39-4D79-BB04-31E05F0F0A11} = {827E0CD3-B72D-47B6-A68D-7590B98EB39B}
		{71098500-1ABA-4E0B-B987-AD3E25E97DE1} = {0AB3BF05-4346-4AA6-1389-037BE0695223}
		{E6F7E2C1-CC5A-4C3C-96D1-1E1F5B2F0C22} = {0AB3BF05-4346-4AA6-1389-037BE0695223}
		{CD1FD7FD-52D6-4E9C-8A30-CDE66790C1E5} = {827E0CD3-B72D-47B6-A68D-7590B98EB39B}
		{3FD86076-73D8-46DC-9E56-ABA7EFBDCFE8} = {0AB3BF05-4346-4AA6-1389-037BE0695223}
		{2A344858-2050-421A-BB47-D8368CAC7D09} = {827E0CD3-B72D-47B6-A68D-7590B98EB39B}
		{FD3C7380-BDCE-4CF7-BC48-7E3BF916B96B} = {0AB3BF05-4346-4AA6-1389-037BE0695223}
		{FE87F856-E9B8-43FD-8E18-A8363D2794FD} = {827E0CD3-B72D-47B6-A68D-7590B98EB39B}
		{4F6E1265-E51F-4320-91E7-2C8A964CF1D1} = {0AB3BF05-4346-4AA6-1389-037BE0695223}
		{88790453-827F-4BDB-82C8-02E1C97AD405} = {827E0CD3-B72D-47B6-A68D-7590B98EB39B}
		{14FC8C00-3BCA-43E0-B399-A3F623B934E2} = {0AB3BF05-4346-4AA6-1389-037BE0695223}
		{186F68F2-19C2-40C4-B7F7-47654C5CC8D2} = {827E0CD3-B72D-47B6-A68D-7590B98EB39B}
		{35085481-EC46-4C60-B5AD-EFC4CD8E8930} = {0AB3BF05-4346-4AA6-1389-037BE0695223}
		{014D7BC9-25B1-4F24-B3BD-D8C3478C582F} = {827E0CD3-B72D-47B6-A68D-7590B98EB39B}
		{1A6CAA41-ABEA-493C-9F30-51E41941F36A} = {0AB3BF05-4346-4AA6-1389-037BE0695223}
		{3B4555BF-73A0-460C-BC7B-619B8AB6156C} = {827E0CD3-B72D-47B6-A68D-7590B98EB39B}
		{D0CD83F4-95FD-4973-8DF5-EE429995FAA9} = {0AB3BF05-4346-4AA6-1389-037BE0695223}
		{5C7DEF25-82DC-4AB5-8401-81E85B949E16} = {827E0CD3-B72D-47B6-A68D-7590B98EB39B}
		{9FB199B7-9DA4-4EB7-AEF3-3AF8B169A7FA} = {0AB3BF05-4346-4AA6-1389-037BE0695223}
		{D77CC049-091E-4D78-BD0C-E52A9006EF26} = {827E0CD3-B72D-47B6-A68D-7590B98EB39B}
		{0D5B5A86-350C-49EA-BF12-7AE64EF9A45B} = {0AB3BF05-4346-4AA6-1389-037BE0695223}
		{5FE33704-4D67-4B48-BD6A-7EFECD734970} = {827E0CD3-B72D-47B6-A68D-7590B98EB39B}
		{59B19C61-24A7-4651-BC81-DBA4A6C26A88} = {0AB3BF05-4346-4AA6-1389-037BE0695223}
		{924BC8D4-083A-429B-A87F-073B7D41F7A5} = {827E0CD3-B72D-47B6-A68D-7590B98EB39B}
		{85ADCF44-04A1-4571-A052-53FF7D224592} = {0AB3BF05-4346-4AA6-1389-037BE0695223}
		{4783054E-495F-4F6A-BB3E-AFE8604B8BED} = {827E0CD3-B72D-47B6-A68D-7590B98EB39B}
		{66409F9D-F568-4328-A386-FA7CE65E33CA} = {0AB3BF05-4346-4AA6-1389-037BE0695223}
		{5CBB46FA-039B-4269-A13F-80CD51AA4FEE} = {827E0CD3-B72D-47B6-A68D-7590B98EB39B}
		{BE4F4338-C7DF-4D0E-AB45-17AF40AA4740} = {0AB3BF05-4346-4AA6-1389-037BE0695223}
		{90BCE57B-1C2B-45A1-BF3C-E09E31201663} = {827E0CD3-B72D-47B6-A68D-7590B98EB39B}
		{90DB8BEC-05B1-4DED-A218-0FE1D11B4028} = {0AB3BF05-4346-4AA6-1389-037BE0695223}
		{E1FA0397-5549-4A3D-9D7F-35E38C215F68} = {827E0CD3-B72D-47B6-A68D-7590B98EB39B}
		{F37259E3-3D04-4577-B512-965365A25410} = {0AB3BF05-4346-4AA6-1389-037BE0695223}
		{CE1D133D-D545-49B3-8FFC-A16A03BBEF39} = {827E0CD3-B72D-47B6-A68D-7590B98EB39B}
		{4687F41B-8944-432B-BEB1-12EED9DCE000} = {0AB3BF05-4346-4AA6-1389-037BE0695223}
		{F93EEEC0-713D-47EB-ACD2-336F86D28A4F} = {827E0CD3-B72D-47B6-A68D-7590B98EB39B}
		{26E10954-5B8C-41B3-9E53-FC8BF15372C6} = {0AB3BF05-4346-4AA6-1389-037BE0695223}
		{A08EA7E9-7BFD-4C82-9CC8-C96914CF2B90} = {827E0CD3-B72D-47B6-A68D-7590B98EB39B}
		{AA3A0BFF-EDEC-4E47-8C9D-F74304EDC2C9} = {0AB3BF05-4346-4AA6-1389-037BE0695223}
		{BBB75903-5720-4A4A-8CF8-A62C063E77FB} = {827E0CD3-B72D-47B6-A68D-7590B98EB39B}
		{A5BBA407-1A59-48E1-AFD5-D29B56FF0C77} = {0AB3BF05-4346-4AA6-1389-037BE0695223}
		{066E0A9E-1809-4B44-A969-F78549C39205} = {827E0CD3-B72D-47B6-A68D-7590B98EB39B}
		{9EBADB36-E52C-43B1-ABDE-9D4B2D2A1C81} = {0AB3BF05-4346-4AA6-1389-037BE0695223}
		{6795505A-1EB8-406A-AB7A-9C9698672AE2} = {827E0CD3-B72D-47B6-A68D-7590B98EB39B}
		{6CC330A5-D05F-4A2F-8011-D486CC2F69B5} = {827E0CD3-B72D-47B6-A68D-7590B98EB39B}
		{83694AC7-24A4-4A5C-9658-826519C62ECA} = {0AB3BF05-4346-4AA6-1389-037BE0695223}
		{BA5B3AB0-D57C-4984-A6F6-833ACAADE977} = {0AB3BF05-4346-4AA6-1389-037BE0695223}
		{C45EDD6C-1359-407C-8A6F-B600443C01ED} = {827E0CD3-B72D-47B6-A68D-7590B98EB39B}
		{9A95D2AB-99E1-4A15-9F81-F03C126155C2} = {0AB3BF05-4346-4AA6-1389-037BE0695223}
		{78D6E376-2CDE-42B1-BCCB-1CB3B568203E} = {827E0CD3-B72D-47B6-A68D-7590B98EB39B}
		{CF74FE6A-B00B-4FE7-9058-060CBF7F3219} = {827E0CD3-B72D-47B6-A68D-7590B98EB39B}
		{76776AC4-A635-438C-B595-38AA37FBBF26} = {827E0CD3-B72D-47B6-A68D-7590B98EB39B}
		{DD9A04C8-FEE3-47BD-8599-7681C69B08F3} = {827E0CD3-B72D-47B6-A68D-7590B98EB39B}
		{414BDD87-D2FC-40A9-BBFC-9A6373CF3B5B} = {0AB3BF05-4346-4AA6-1389-037BE0695223}
		{E5DCA38E-7F3D-4BE9-89C1-DE6CD0417C5B} = {0AB3BF05-4346-4AA6-1389-037BE0695223}
		{C57B12C3-C301-409A-AD17-869F81B6173D} = {827E0CD3-B72D-47B6-A68D-7590B98EB39B}
		{6879396F-6B5C-48C9-9A82-C8487D8EBE93} = {0AB3BF05-4346-4AA6-1389-037BE0695223}
		{807CACB1-CD7A-49A8-8373-50D8C92CF2DC} = {0AB3BF05-4346-4AA6-1389-037BE0695223}
	EndGlobalSection
EndGlobal
